
Microsoft Visual Studio Solution File, Format Version 12.00
# Visual Studio 2012
Project("{FAE04EC0-301F-11D3-BF4B-00C04F79EFBC}") = "Dubrovnik.CodeGenerator", "Dubrovnik.CodeGenerator\Dubrovnik.CodeGenerator.csproj", "{5C321D23-6144-4EC7-98C2-7F9F6ED2157F}"
EndProject
Project("{FAE04EC0-301F-11D3-BF4B-00C04F79EFBC}") = "Dubrovnik.CodeGeneratorEngine", "Dubrovnik.CodeGeneratorEngine\Dubrovnik.CodeGeneratorEngine.csproj", "{F9BCD207-4CA7-4C58-A79E-5E83DCEDD360}"
EndProject
Global
	GlobalSection(SolutionConfigurationPlatforms) = preSolution
		Debug|Any CPU = Debug|Any CPU
		Release|Any CPU = Release|Any CPU
	EndGlobalSection
	GlobalSection(ProjectConfigurationPlatforms) = postSolution
		{5C321D23-6144-4EC7-98C2-7F9F6ED2157F}.Debug|Any CPU.ActiveCfg = Debug|Any CPU
		{5C321D23-6144-4EC7-98C2-7F9F6ED2157F}.Debug|Any CPU.Build.0 = Debug|Any CPU
		{5C321D23-6144-4EC7-98C2-7F9F6ED2157F}.Release|Any CPU.ActiveCfg = Release|Any CPU
		{5C321D23-6144-4EC7-98C2-7F9F6ED2157F}.Release|Any CPU.Build.0 = Release|Any CPU
		{F9BCD207-4CA7-4C58-A79E-5E83DCEDD360}.Debug|Any CPU.ActiveCfg = Debug|Any CPU
		{F9BCD207-4CA7-4C58-A79E-5E83DCEDD360}.Debug|Any CPU.Build.0 = Debug|Any CPU
		{F9BCD207-4CA7-4C58-A79E-5E83DCEDD360}.Release|Any CPU.ActiveCfg = Release|Any CPU
		{F9BCD207-4CA7-4C58-A79E-5E83DCEDD360}.Release|Any CPU.Build.0 = Release|Any CPU
	EndGlobalSection
	GlobalSection(SolutionProperties) = preSolution
		HideSolutionNode = FALSE
	EndGlobalSection
EndGlobal
