// !$*UTF8*$!
{
	archiveVersion = 1;
	classes = {
	};
	objectVersion = 46;
	objects = {

/* Begin PBXBuildFile section */
		AB2E742518FFCB7C0061C63E /* System_Reflection_ConstructorInfo.h in Headers */ = {isa = PBXBuildFile; fileRef = AB2E742318FFCB7C0061C63E /* System_Reflection_ConstructorInfo.h */; settings = {ATTRIBUTES = (Public, ); }; };
		AB2E742618FFCB7C0061C63E /* System_Reflection_ConstructorInfo.m in Sources */ = {isa = PBXBuildFile; fileRef = AB2E742418FFCB7C0061C63E /* System_Reflection_ConstructorInfo.m */; };
		AB2E742D18FFCCE50061C63E /* System_Collections_Generic_IDictionaryA2.h in Headers */ = {isa = PBXBuildFile; fileRef = AB2E742718FFCCE50061C63E /* System_Collections_Generic_IDictionaryA2.h */; settings = {ATTRIBUTES = (Public, ); }; };
		AB2E742E18FFCCE50061C63E /* System_Collections_Generic_IDictionaryA2.m in Sources */ = {isa = PBXBuildFile; fileRef = AB2E742818FFCCE50061C63E /* System_Collections_Generic_IDictionaryA2.m */; };
		AB2E742F18FFCCE50061C63E /* System_Collections_Generic_IEnumerableA1.h in Headers */ = {isa = PBXBuildFile; fileRef = AB2E742918FFCCE50061C63E /* System_Collections_Generic_IEnumerableA1.h */; settings = {ATTRIBUTES = (Public, ); }; };
		AB2E743018FFCCE50061C63E /* System_Collections_Generic_IEnumerableA1.m in Sources */ = {isa = PBXBuildFile; fileRef = AB2E742A18FFCCE50061C63E /* System_Collections_Generic_IEnumerableA1.m */; };
		AB2E743118FFCCE50061C63E /* System_Collections_Generic_KeyValuePairA2.h in Headers */ = {isa = PBXBuildFile; fileRef = AB2E742B18FFCCE50061C63E /* System_Collections_Generic_KeyValuePairA2.h */; settings = {ATTRIBUTES = (Public, ); }; };
		AB2E743218FFCCE50061C63E /* System_Collections_Generic_KeyValuePairA2.m in Sources */ = {isa = PBXBuildFile; fileRef = AB2E742C18FFCCE50061C63E /* System_Collections_Generic_KeyValuePairA2.m */; };
		AB2E743F18FFCD0A0061C63E /* System_Reflection.h in Headers */ = {isa = PBXBuildFile; fileRef = AB2E743318FFCD0A0061C63E /* System_Reflection.h */; settings = {ATTRIBUTES = (Public, ); }; };
		AB2E744018FFCD0A0061C63E /* System_Reflection.m in Sources */ = {isa = PBXBuildFile; fileRef = AB2E743418FFCD0A0061C63E /* System_Reflection.m */; };
		AB2E744118FFCD0A0061C63E /* System_Reflection_MethodInfo.h in Headers */ = {isa = PBXBuildFile; fileRef = AB2E743518FFCD0A0061C63E /* System_Reflection_MethodInfo.h */; settings = {ATTRIBUTES = (Public, ); }; };
		AB2E744218FFCD0A0061C63E /* System_Reflection_MethodInfo.m in Sources */ = {isa = PBXBuildFile; fileRef = AB2E743618FFCD0A0061C63E /* System_Reflection_MethodInfo.m */; };
		AB2E744318FFCD0A0061C63E /* System_Reflection_PropertyInfo.h in Headers */ = {isa = PBXBuildFile; fileRef = AB2E743718FFCD0A0061C63E /* System_Reflection_PropertyInfo.h */; settings = {ATTRIBUTES = (Public, ); }; };
		AB2E744418FFCD0A0061C63E /* System_Reflection_PropertyInfo.m in Sources */ = {isa = PBXBuildFile; fileRef = AB2E743818FFCD0A0061C63E /* System_Reflection_PropertyInfo.m */; };
		AB2E744518FFCD0A0061C63E /* System_Text_Encoding.h in Headers */ = {isa = PBXBuildFile; fileRef = AB2E743918FFCD0A0061C63E /* System_Text_Encoding.h */; settings = {ATTRIBUTES = (Public, ); }; };
		AB2E744618FFCD0A0061C63E /* System_Text_Encoding.m in Sources */ = {isa = PBXBuildFile; fileRef = AB2E743A18FFCD0A0061C63E /* System_Text_Encoding.m */; };
		AB2E744718FFCD0A0061C63E /* System_TimeSpan.h in Headers */ = {isa = PBXBuildFile; fileRef = AB2E743B18FFCD0A0061C63E /* System_TimeSpan.h */; settings = {ATTRIBUTES = (Public, ); }; };
		AB2E744818FFCD0A0061C63E /* System_TimeSpan.m in Sources */ = {isa = PBXBuildFile; fileRef = AB2E743C18FFCD0A0061C63E /* System_TimeSpan.m */; };
		AB2E745118FFCD420061C63E /* System_IO_Stream.h in Headers */ = {isa = PBXBuildFile; fileRef = AB2E744B18FFCD420061C63E /* System_IO_Stream.h */; settings = {ATTRIBUTES = (Public, ); }; };
		AB2E745218FFCD420061C63E /* System_IO_Stream.m in Sources */ = {isa = PBXBuildFile; fileRef = AB2E744C18FFCD420061C63E /* System_IO_Stream.m */; };
		AB2E745318FFCD420061C63E /* System_IO_StringWriter.h in Headers */ = {isa = PBXBuildFile; fileRef = AB2E744D18FFCD420061C63E /* System_IO_StringWriter.h */; settings = {ATTRIBUTES = (Public, ); }; };
		AB2E745418FFCD420061C63E /* System_IO_StringWriter.m in Sources */ = {isa = PBXBuildFile; fileRef = AB2E744E18FFCD420061C63E /* System_IO_StringWriter.m */; };
		AB2E745518FFCD420061C63E /* System_IO_TextReader.h in Headers */ = {isa = PBXBuildFile; fileRef = AB2E744F18FFCD420061C63E /* System_IO_TextReader.h */; settings = {ATTRIBUTES = (Public, ); }; };
		AB2E745618FFCD420061C63E /* System_IO_TextReader.m in Sources */ = {isa = PBXBuildFile; fileRef = AB2E745018FFCD420061C63E /* System_IO_TextReader.m */; };
		AB2E745E18FFCD8F0061C63E /* System_DayOfWeek.h in Headers */ = {isa = PBXBuildFile; fileRef = AB2E745718FFCD8F0061C63E /* System_DayOfWeek.h */; settings = {ATTRIBUTES = (Public, ); }; };
		AB2E745F18FFCD8F0061C63E /* System_Exception.h in Headers */ = {isa = PBXBuildFile; fileRef = AB2E745818FFCD8F0061C63E /* System_Exception.h */; settings = {ATTRIBUTES = (Public, ); }; };
		AB2E746018FFCD8F0061C63E /* System_Exception.m in Sources */ = {isa = PBXBuildFile; fileRef = AB2E745918FFCD8F0061C63E /* System_Exception.m */; };
		AB2E746118FFCD8F0061C63E /* System_FuncA2.h in Headers */ = {isa = PBXBuildFile; fileRef = AB2E745A18FFCD8F0061C63E /* System_FuncA2.h */; settings = {ATTRIBUTES = (Public, ); }; };
		AB2E746218FFCD8F0061C63E /* System_FuncA2.m in Sources */ = {isa = PBXBuildFile; fileRef = AB2E745B18FFCD8F0061C63E /* System_FuncA2.m */; };
		AB2E746318FFCD8F0061C63E /* System_Globalization_CultureInfo.h in Headers */ = {isa = PBXBuildFile; fileRef = AB2E745C18FFCD8F0061C63E /* System_Globalization_CultureInfo.h */; settings = {ATTRIBUTES = (Public, ); }; };
		AB2E746418FFCD8F0061C63E /* System_Globalization_CultureInfo.m in Sources */ = {isa = PBXBuildFile; fileRef = AB2E745D18FFCD8F0061C63E /* System_Globalization_CultureInfo.m */; };
		AB2E746718FFCE2B0061C63E /* IEnumerableA1.h in Headers */ = {isa = PBXBuildFile; fileRef = AB2E746518FFCE2B0061C63E /* IEnumerableA1.h */; settings = {ATTRIBUTES = (Public, ); }; };
		AB2E746818FFCE2B0061C63E /* IEnumerableA1.m in Sources */ = {isa = PBXBuildFile; fileRef = AB2E746618FFCE2B0061C63E /* IEnumerableA1.m */; };
		AB2E746F18FFCF980061C63E /* System_Collections_IEnumerable.h in Headers */ = {isa = PBXBuildFile; fileRef = AB2E746D18FFCF980061C63E /* System_Collections_IEnumerable.h */; settings = {ATTRIBUTES = (Public, ); }; };
		AB2E747018FFCF980061C63E /* System_Collections_IEnumerable.m in Sources */ = {isa = PBXBuildFile; fileRef = AB2E746E18FFCF980061C63E /* System_Collections_IEnumerable.m */; };
		AB2E74C718FFDB0D0061C63E /* Categories.h in Headers */ = {isa = PBXBuildFile; fileRef = AB2E74C218FFDB0D0061C63E /* Categories.h */; settings = {ATTRIBUTES = (Public, ); }; };
		AB2E74C818FFDB0D0061C63E /* Framework.h in Headers */ = {isa = PBXBuildFile; fileRef = AB2E74C318FFDB0D0061C63E /* Framework.h */; settings = {ATTRIBUTES = (Public, ); }; };
		AB2E74C918FFDB0D0061C63E /* GeneratedBindings.h in Headers */ = {isa = PBXBuildFile; fileRef = AB2E74C418FFDB0D0061C63E /* GeneratedBindings.h */; settings = {ATTRIBUTES = (Public, ); }; };
		AB2E74CA18FFDB0D0061C63E /* HelperClasses.h in Headers */ = {isa = PBXBuildFile; fileRef = AB2E74C518FFDB0D0061C63E /* HelperClasses.h */; settings = {ATTRIBUTES = (Public, ); }; };
		AB2E74CB18FFDB0D0061C63E /* ManualBindings.h in Headers */ = {isa = PBXBuildFile; fileRef = AB2E74C618FFDB0D0061C63E /* ManualBindings.h */; settings = {ATTRIBUTES = (Public, ); }; };
		AB8306B3191CFD5B009FF174 /* System_Type.h in Headers */ = {isa = PBXBuildFile; fileRef = AB8306B1191CFD5B009FF174 /* System_Type.h */; settings = {ATTRIBUTES = (Public, ); }; };
		AB8306B4191CFD5B009FF174 /* System_Type.m in Sources */ = {isa = PBXBuildFile; fileRef = AB8306B2191CFD5B009FF174 /* System_Type.m */; };
		AB8306B7191D1231009FF174 /* DBSystem_Object.h in Headers */ = {isa = PBXBuildFile; fileRef = AB8306B5191D1231009FF174 /* DBSystem_Object.h */; settings = {ATTRIBUTES = (Public, ); }; };
		AB8306B8191D1231009FF174 /* DBSystem_Object.m in Sources */ = {isa = PBXBuildFile; fileRef = AB8306B6191D1231009FF174 /* DBSystem_Object.m */; };
		AB92F2DE1AA4F0E700BA9B9E /* DBNullableBoolTransformer.h in Headers */ = {isa = PBXBuildFile; fileRef = AB92F2DC1AA4F0E700BA9B9E /* DBNullableBoolTransformer.h */; settings = {ATTRIBUTES = (Public, ); }; };
		AB92F2DF1AA4F0E700BA9B9E /* DBNullableBoolTransformer.m in Sources */ = {isa = PBXBuildFile; fileRef = AB92F2DD1AA4F0E700BA9B9E /* DBNullableBoolTransformer.m */; };
		AB950DE8192AA6720035ABC6 /* DBNullableDateTransformer.h in Headers */ = {isa = PBXBuildFile; fileRef = AB950DE6192AA6720035ABC6 /* DBNullableDateTransformer.h */; settings = {ATTRIBUTES = (Public, ); }; };
		AB950DE9192AA6720035ABC6 /* DBNullableDateTransformer.m in Sources */ = {isa = PBXBuildFile; fileRef = AB950DE7192AA6720035ABC6 /* DBNullableDateTransformer.m */; };
		AB950DEB192AA6C10035ABC6 /* ValueTransformers.h in Headers */ = {isa = PBXBuildFile; fileRef = AB950DEA192AA6C10035ABC6 /* ValueTransformers.h */; settings = {ATTRIBUTES = (Public, ); }; };
		ABB5CC2A1A9678E20089891A /* System_Collections_IList.h in Headers */ = {isa = PBXBuildFile; fileRef = ABB5CC281A9678E20089891A /* System_Collections_IList.h */; settings = {ATTRIBUTES = (Public, ); }; };
		ABB5CC2B1A9678E20089891A /* System_Collections_IList.m in Sources */ = {isa = PBXBuildFile; fileRef = ABB5CC291A9678E20089891A /* System_Collections_IList.m */; };
		ABB8A28818FEFB0700213B80 /* Cocoa.framework in Frameworks */ = {isa = PBXBuildFile; fileRef = ABB8A28718FEFB0700213B80 /* Cocoa.framework */; };
		ABB8A29218FEFB0700213B80 /* InfoPlist.strings in Resources */ = {isa = PBXBuildFile; fileRef = ABB8A29018FEFB0700213B80 /* InfoPlist.strings */; };
		ABB8A29E18FEFB0700213B80 /* Cocoa.framework in Frameworks */ = {isa = PBXBuildFile; fileRef = ABB8A28718FEFB0700213B80 /* Cocoa.framework */; };
		ABB8A2A118FEFB0700213B80 /* Mono.mscorlib.framework in Frameworks */ = {isa = PBXBuildFile; fileRef = ABB8A28418FEFB0700213B80 /* Mono.mscorlib.framework */; };
		ABB8A2A718FEFB0700213B80 /* InfoPlist.strings in Resources */ = {isa = PBXBuildFile; fileRef = ABB8A2A518FEFB0700213B80 /* InfoPlist.strings */; };
		ABB8A2A918FEFB0700213B80 /* Mono_mscorlibTests.m in Sources */ = {isa = PBXBuildFile; fileRef = ABB8A2A818FEFB0700213B80 /* Mono_mscorlibTests.m */; };
		ABB8A37B18FF086200213B80 /* NSString+mscorlib.h in Headers */ = {isa = PBXBuildFile; fileRef = ABB8A37918FF086200213B80 /* NSString+mscorlib.h */; settings = {ATTRIBUTES = (Public, ); }; };
		ABB8A37C18FF086200213B80 /* NSString+mscorlib.m in Sources */ = {isa = PBXBuildFile; fileRef = ABB8A37A18FF086200213B80 /* NSString+mscorlib.m */; };
		ABB8A38018FF092400213B80 /* DBSystem_IO_FileInfo.h in Headers */ = {isa = PBXBuildFile; fileRef = ABB8A37E18FF092400213B80 /* DBSystem_IO_FileInfo.h */; settings = {ATTRIBUTES = (Public, ); }; };
		ABB8A38118FF092400213B80 /* DBSystem_IO_FileInfo.m in Sources */ = {isa = PBXBuildFile; fileRef = ABB8A37F18FF092400213B80 /* DBSystem_IO_FileInfo.m */; };
		ABB8A39618FF09F900213B80 /* DBSystem_Array.h in Headers */ = {isa = PBXBuildFile; fileRef = ABB8A39018FF09F900213B80 /* DBSystem_Array.h */; settings = {ATTRIBUTES = (Public, ); }; };
		ABB8A39718FF09F900213B80 /* DBSystem_Array.m in Sources */ = {isa = PBXBuildFile; fileRef = ABB8A39118FF09F900213B80 /* DBSystem_Array.m */; };
		ABB8A39818FF09F900213B80 /* DBSystem_Convert.h in Headers */ = {isa = PBXBuildFile; fileRef = ABB8A39218FF09F900213B80 /* DBSystem_Convert.h */; settings = {ATTRIBUTES = (Public, ); }; };
		ABB8A39918FF09F900213B80 /* DBSystem_Convert.m in Sources */ = {isa = PBXBuildFile; fileRef = ABB8A39318FF09F900213B80 /* DBSystem_Convert.m */; };
		ABB8A39A18FF09F900213B80 /* DBSystem_Enum.h in Headers */ = {isa = PBXBuildFile; fileRef = ABB8A39418FF09F900213B80 /* DBSystem_Enum.h */; settings = {ATTRIBUTES = (Public, ); }; };
		ABB8A39B18FF09F900213B80 /* DBSystem_Enum.m in Sources */ = {isa = PBXBuildFile; fileRef = ABB8A39518FF09F900213B80 /* DBSystem_Enum.m */; };
		ABB8A3E218FF0FE800213B80 /* NSArray+mscorlib.h in Headers */ = {isa = PBXBuildFile; fileRef = ABB8A3E018FF0FE800213B80 /* NSArray+mscorlib.h */; settings = {ATTRIBUTES = (Public, ); }; };
		ABB8A3E318FF0FE800213B80 /* NSArray+mscorlib.m in Sources */ = {isa = PBXBuildFile; fileRef = ABB8A3E118FF0FE800213B80 /* NSArray+mscorlib.m */; };
		ABB8A3FD18FF110000213B80 /* System_Array.h in Headers */ = {isa = PBXBuildFile; fileRef = ABB8A3E418FF110000213B80 /* System_Array.h */; settings = {ATTRIBUTES = (Public, ); }; };
		ABB8A3FE18FF110000213B80 /* System_Array.m in Sources */ = {isa = PBXBuildFile; fileRef = ABB8A3E518FF110000213B80 /* System_Array.m */; };
		ABB8A40018FF110000213B80 /* System_Collections_ArrayList.h in Headers */ = {isa = PBXBuildFile; fileRef = ABB8A3E718FF110000213B80 /* System_Collections_ArrayList.h */; settings = {ATTRIBUTES = (Public, ); }; };
		ABB8A40118FF110000213B80 /* System_Collections_ArrayList.m in Sources */ = {isa = PBXBuildFile; fileRef = ABB8A3E818FF110000213B80 /* System_Collections_ArrayList.m */; };
		ABB8A40218FF110000213B80 /* System_Collections_Generic_DictionaryA2.h in Headers */ = {isa = PBXBuildFile; fileRef = ABB8A3E918FF110000213B80 /* System_Collections_Generic_DictionaryA2.h */; settings = {ATTRIBUTES = (Public, ); }; };
		ABB8A40318FF110000213B80 /* System_Collections_Generic_DictionaryA2.m in Sources */ = {isa = PBXBuildFile; fileRef = ABB8A3EA18FF110000213B80 /* System_Collections_Generic_DictionaryA2.m */; };
		ABB8A40418FF110000213B80 /* System_Collections_Generic_ListA1.h in Headers */ = {isa = PBXBuildFile; fileRef = ABB8A3EB18FF110000213B80 /* System_Collections_Generic_ListA1.h */; settings = {ATTRIBUTES = (Public, ); }; };
		ABB8A40518FF110000213B80 /* System_Collections_Generic_ListA1.m in Sources */ = {isa = PBXBuildFile; fileRef = ABB8A3EC18FF110000213B80 /* System_Collections_Generic_ListA1.m */; };
		ABB8A40618FF110000213B80 /* System_Convert.h in Headers */ = {isa = PBXBuildFile; fileRef = ABB8A3ED18FF110000213B80 /* System_Convert.h */; settings = {ATTRIBUTES = (Public, ); }; };
		ABB8A40718FF110000213B80 /* System_Convert.m in Sources */ = {isa = PBXBuildFile; fileRef = ABB8A3EE18FF110000213B80 /* System_Convert.m */; };
		ABB8A40818FF110000213B80 /* System_Enum.h in Headers */ = {isa = PBXBuildFile; fileRef = ABB8A3EF18FF110000213B80 /* System_Enum.h */; settings = {ATTRIBUTES = (Public, ); }; };
		ABB8A40918FF110000213B80 /* System_Enum.m in Sources */ = {isa = PBXBuildFile; fileRef = ABB8A3F018FF110000213B80 /* System_Enum.m */; };
		ABB8A40A18FF110000213B80 /* System_EventArgs.h in Headers */ = {isa = PBXBuildFile; fileRef = ABB8A3F118FF110000213B80 /* System_EventArgs.h */; settings = {ATTRIBUTES = (Public, ); }; };
		ABB8A40B18FF110000213B80 /* System_EventArgs.m in Sources */ = {isa = PBXBuildFile; fileRef = ABB8A3F218FF110000213B80 /* System_EventArgs.m */; };
		ABB8A40C18FF110000213B80 /* System_IAsyncResult.h in Headers */ = {isa = PBXBuildFile; fileRef = ABB8A3F318FF110000213B80 /* System_IAsyncResult.h */; settings = {ATTRIBUTES = (Public, ); }; };
		ABB8A40D18FF110000213B80 /* System_IAsyncResult.m in Sources */ = {isa = PBXBuildFile; fileRef = ABB8A3F418FF110000213B80 /* System_IAsyncResult.m */; };
		ABB8A40E18FF110000213B80 /* System_IO_FileInfo.h in Headers */ = {isa = PBXBuildFile; fileRef = ABB8A3F518FF110000213B80 /* System_IO_FileInfo.h */; settings = {ATTRIBUTES = (Public, ); }; };
		ABB8A40F18FF110000213B80 /* System_IO_FileInfo.m in Sources */ = {isa = PBXBuildFile; fileRef = ABB8A3F618FF110000213B80 /* System_IO_FileInfo.m */; };
		ABB8A41018FF110000213B80 /* System_MulticastDelegate.h in Headers */ = {isa = PBXBuildFile; fileRef = ABB8A3F718FF110000213B80 /* System_MulticastDelegate.h */; settings = {ATTRIBUTES = (Public, ); }; };
		ABB8A41118FF110000213B80 /* System_MulticastDelegate.m in Sources */ = {isa = PBXBuildFile; fileRef = ABB8A3F818FF110000213B80 /* System_MulticastDelegate.m */; };
		ABB8A41218FF110000213B80 /* System_Object.h in Headers */ = {isa = PBXBuildFile; fileRef = ABB8A3F918FF110000213B80 /* System_Object.h */; settings = {ATTRIBUTES = (Public, ); }; };
		ABB8A41318FF110000213B80 /* System_Object.m in Sources */ = {isa = PBXBuildFile; fileRef = ABB8A3FA18FF110000213B80 /* System_Object.m */; };
		ABB8A41418FF110000213B80 /* System_String.h in Headers */ = {isa = PBXBuildFile; fileRef = ABB8A3FB18FF110000213B80 /* System_String.h */; settings = {ATTRIBUTES = (Public, ); }; };
		ABB8A41518FF110000213B80 /* System_String.m in Sources */ = {isa = PBXBuildFile; fileRef = ABB8A3FC18FF110000213B80 /* System_String.m */; };
		ABB8A41818FF113800213B80 /* System_Object+mscorlib.h in Headers */ = {isa = PBXBuildFile; fileRef = ABB8A41618FF113800213B80 /* System_Object+mscorlib.h */; settings = {ATTRIBUTES = (Public, ); }; };
		ABB8A41918FF113800213B80 /* System_Object+mscorlib.m in Sources */ = {isa = PBXBuildFile; fileRef = ABB8A41718FF113800213B80 /* System_Object+mscorlib.m */; };
		ABB8A41C18FF155F00213B80 /* System_NullableA1.h in Headers */ = {isa = PBXBuildFile; fileRef = ABB8A41A18FF155F00213B80 /* System_NullableA1.h */; settings = {ATTRIBUTES = (Public, ); }; };
		ABB8A41D18FF155F00213B80 /* System_NullableA1.m in Sources */ = {isa = PBXBuildFile; fileRef = ABB8A41B18FF155F00213B80 /* System_NullableA1.m */; };
		ABB8A42618FF15B300213B80 /* DBSystem_Collections_ArrayList.h in Headers */ = {isa = PBXBuildFile; fileRef = ABB8A41E18FF15B300213B80 /* DBSystem_Collections_ArrayList.h */; settings = {ATTRIBUTES = (Public, ); }; };
		ABB8A42718FF15B300213B80 /* DBSystem_Collections_ArrayList.m in Sources */ = {isa = PBXBuildFile; fileRef = ABB8A41F18FF15B300213B80 /* DBSystem_Collections_ArrayList.m */; };
		ABB8A42818FF15B300213B80 /* DBSystem_Collections_Generic_DictionaryA2.h in Headers */ = {isa = PBXBuildFile; fileRef = ABB8A42018FF15B300213B80 /* DBSystem_Collections_Generic_DictionaryA2.h */; settings = {ATTRIBUTES = (Public, ); }; };
		ABB8A42918FF15B300213B80 /* DBSystem_Collections_Generic_DictionaryA2.m in Sources */ = {isa = PBXBuildFile; fileRef = ABB8A42118FF15B300213B80 /* DBSystem_Collections_Generic_DictionaryA2.m */; };
		ABB8A42A18FF15B300213B80 /* DBSystem_Collections_Generic_ListA1.h in Headers */ = {isa = PBXBuildFile; fileRef = ABB8A42218FF15B300213B80 /* DBSystem_Collections_Generic_ListA1.h */; settings = {ATTRIBUTES = (Public, ); }; };
		ABB8A42B18FF15B300213B80 /* DBSystem_Collections_Generic_ListA1.m in Sources */ = {isa = PBXBuildFile; fileRef = ABB8A42318FF15B300213B80 /* DBSystem_Collections_Generic_ListA1.m */; };
		ABB8A42C18FF15B300213B80 /* DBSystem_Collections_IList.h in Headers */ = {isa = PBXBuildFile; fileRef = ABB8A42418FF15B300213B80 /* DBSystem_Collections_IList.h */; settings = {ATTRIBUTES = (Public, ); }; };
		ABB8A42D18FF15B300213B80 /* DBSystem_Collections_IList.m in Sources */ = {isa = PBXBuildFile; fileRef = ABB8A42518FF15B300213B80 /* DBSystem_Collections_IList.m */; };
		ABB8A43318FF1F6300213B80 /* Interface_IEnumerable_T.h in Headers */ = {isa = PBXBuildFile; fileRef = ABB8A43118FF1F6300213B80 /* Interface_IEnumerable_T.h */; settings = {ATTRIBUTES = (Public, ); }; };
		ABB8A43418FF1F6300213B80 /* Interface_IList.h in Headers */ = {isa = PBXBuildFile; fileRef = ABB8A43218FF1F6300213B80 /* Interface_IList.h */; settings = {ATTRIBUTES = (Public, ); }; };
		ABB8A43C18FF232000213B80 /* Mono64.framework in Frameworks */ = {isa = PBXBuildFile; fileRef = ABB8A43B18FF232000213B80 /* Mono64.framework */; };
		ABC627911A60794600F89877 /* System_Text_StringBuilder.h in Headers */ = {isa = PBXBuildFile; fileRef = ABC6278F1A60794600F89877 /* System_Text_StringBuilder.h */; settings = {ATTRIBUTES = (Public, ); }; };
		ABC627921A60794600F89877 /* System_Text_StringBuilder.m in Sources */ = {isa = PBXBuildFile; fileRef = ABC627901A60794600F89877 /* System_Text_StringBuilder.m */; };
		ABD5F7CF1A6E57660070C02B /* System_DateTime.h in Headers */ = {isa = PBXBuildFile; fileRef = ABD5F7CD1A6E57660070C02B /* System_DateTime.h */; settings = {ATTRIBUTES = (Public, ); }; };
		ABD5F7D01A6E57660070C02B /* System_DateTime.m in Sources */ = {isa = PBXBuildFile; fileRef = ABD5F7CE1A6E57660070C02B /* System_DateTime.m */; };
		ABE1354D192AAEED000689BC /* DBNullableDecimalTransformer.h in Headers */ = {isa = PBXBuildFile; fileRef = ABE1354B192AAEED000689BC /* DBNullableDecimalTransformer.h */; settings = {ATTRIBUTES = (Public, ); }; };
		ABE1354E192AAEED000689BC /* DBNullableDecimalTransformer.m in Sources */ = {isa = PBXBuildFile; fileRef = ABE1354C192AAEED000689BC /* DBNullableDecimalTransformer.m */; };
		ABE13551192AB0C5000689BC /* DBNullableInt64Transformer.h in Headers */ = {isa = PBXBuildFile; fileRef = ABE1354F192AB0C5000689BC /* DBNullableInt64Transformer.h */; settings = {ATTRIBUTES = (Public, ); }; };
		ABE13552192AB0C5000689BC /* DBNullableInt64Transformer.m in Sources */ = {isa = PBXBuildFile; fileRef = ABE13550192AB0C5000689BC /* DBNullableInt64Transformer.m */; };
		ABF5D272190C570000E9CFBD /* Dubrovnik.framework in Frameworks */ = {isa = PBXBuildFile; fileRef = ABF5D271190C570000E9CFBD /* Dubrovnik.framework */; };
/* End PBXBuildFile section */

/* Begin PBXContainerItemProxy section */
		ABB8A29F18FEFB0700213B80 /* PBXContainerItemProxy */ = {
			isa = PBXContainerItemProxy;
			containerPortal = ABB8A27B18FEFB0700213B80 /* Project object */;
			proxyType = 1;
			remoteGlobalIDString = ABB8A28318FEFB0700213B80;
			remoteInfo = Mono.mscorlib;
		};
/* End PBXContainerItemProxy section */

/* Begin PBXFileReference section */
		AB2E742318FFCB7C0061C63E /* System_Reflection_ConstructorInfo.h */ = {isa = PBXFileReference; fileEncoding = 4; lastKnownFileType = sourcecode.c.h; path = System_Reflection_ConstructorInfo.h; sourceTree = "<group>"; };
		AB2E742418FFCB7C0061C63E /* System_Reflection_ConstructorInfo.m */ = {isa = PBXFileReference; fileEncoding = 4; lastKnownFileType = sourcecode.c.objc; path = System_Reflection_ConstructorInfo.m; sourceTree = "<group>"; };
		AB2E742718FFCCE50061C63E /* System_Collections_Generic_IDictionaryA2.h */ = {isa = PBXFileReference; fileEncoding = 4; lastKnownFileType = sourcecode.c.h; path = System_Collections_Generic_IDictionaryA2.h; sourceTree = "<group>"; };
		AB2E742818FFCCE50061C63E /* System_Collections_Generic_IDictionaryA2.m */ = {isa = PBXFileReference; fileEncoding = 4; lastKnownFileType = sourcecode.c.objc; path = System_Collections_Generic_IDictionaryA2.m; sourceTree = "<group>"; };
		AB2E742918FFCCE50061C63E /* System_Collections_Generic_IEnumerableA1.h */ = {isa = PBXFileReference; fileEncoding = 4; lastKnownFileType = sourcecode.c.h; path = System_Collections_Generic_IEnumerableA1.h; sourceTree = "<group>"; };
		AB2E742A18FFCCE50061C63E /* System_Collections_Generic_IEnumerableA1.m */ = {isa = PBXFileReference; fileEncoding = 4; lastKnownFileType = sourcecode.c.objc; path = System_Collections_Generic_IEnumerableA1.m; sourceTree = "<group>"; };
		AB2E742B18FFCCE50061C63E /* System_Collections_Generic_KeyValuePairA2.h */ = {isa = PBXFileReference; fileEncoding = 4; lastKnownFileType = sourcecode.c.h; path = System_Collections_Generic_KeyValuePairA2.h; sourceTree = "<group>"; };
		AB2E742C18FFCCE50061C63E /* System_Collections_Generic_KeyValuePairA2.m */ = {isa = PBXFileReference; fileEncoding = 4; lastKnownFileType = sourcecode.c.objc; path = System_Collections_Generic_KeyValuePairA2.m; sourceTree = "<group>"; };
		AB2E743318FFCD0A0061C63E /* System_Reflection.h */ = {isa = PBXFileReference; fileEncoding = 4; lastKnownFileType = sourcecode.c.h; path = System_Reflection.h; sourceTree = "<group>"; };
		AB2E743418FFCD0A0061C63E /* System_Reflection.m */ = {isa = PBXFileReference; fileEncoding = 4; lastKnownFileType = sourcecode.c.objc; path = System_Reflection.m; sourceTree = "<group>"; };
		AB2E743518FFCD0A0061C63E /* System_Reflection_MethodInfo.h */ = {isa = PBXFileReference; fileEncoding = 4; lastKnownFileType = sourcecode.c.h; path = System_Reflection_MethodInfo.h; sourceTree = "<group>"; };
		AB2E743618FFCD0A0061C63E /* System_Reflection_MethodInfo.m */ = {isa = PBXFileReference; fileEncoding = 4; lastKnownFileType = sourcecode.c.objc; path = System_Reflection_MethodInfo.m; sourceTree = "<group>"; };
		AB2E743718FFCD0A0061C63E /* System_Reflection_PropertyInfo.h */ = {isa = PBXFileReference; fileEncoding = 4; lastKnownFileType = sourcecode.c.h; path = System_Reflection_PropertyInfo.h; sourceTree = "<group>"; };
		AB2E743818FFCD0A0061C63E /* System_Reflection_PropertyInfo.m */ = {isa = PBXFileReference; fileEncoding = 4; lastKnownFileType = sourcecode.c.objc; path = System_Reflection_PropertyInfo.m; sourceTree = "<group>"; };
		AB2E743918FFCD0A0061C63E /* System_Text_Encoding.h */ = {isa = PBXFileReference; fileEncoding = 4; lastKnownFileType = sourcecode.c.h; path = System_Text_Encoding.h; sourceTree = "<group>"; };
		AB2E743A18FFCD0A0061C63E /* System_Text_Encoding.m */ = {isa = PBXFileReference; fileEncoding = 4; lastKnownFileType = sourcecode.c.objc; path = System_Text_Encoding.m; sourceTree = "<group>"; };
		AB2E743B18FFCD0A0061C63E /* System_TimeSpan.h */ = {isa = PBXFileReference; fileEncoding = 4; lastKnownFileType = sourcecode.c.h; path = System_TimeSpan.h; sourceTree = "<group>"; };
		AB2E743C18FFCD0A0061C63E /* System_TimeSpan.m */ = {isa = PBXFileReference; fileEncoding = 4; lastKnownFileType = sourcecode.c.objc; path = System_TimeSpan.m; sourceTree = "<group>"; };
		AB2E744B18FFCD420061C63E /* System_IO_Stream.h */ = {isa = PBXFileReference; fileEncoding = 4; lastKnownFileType = sourcecode.c.h; path = System_IO_Stream.h; sourceTree = "<group>"; };
		AB2E744C18FFCD420061C63E /* System_IO_Stream.m */ = {isa = PBXFileReference; fileEncoding = 4; lastKnownFileType = sourcecode.c.objc; path = System_IO_Stream.m; sourceTree = "<group>"; };
		AB2E744D18FFCD420061C63E /* System_IO_StringWriter.h */ = {isa = PBXFileReference; fileEncoding = 4; lastKnownFileType = sourcecode.c.h; path = System_IO_StringWriter.h; sourceTree = "<group>"; };
		AB2E744E18FFCD420061C63E /* System_IO_StringWriter.m */ = {isa = PBXFileReference; fileEncoding = 4; lastKnownFileType = sourcecode.c.objc; path = System_IO_StringWriter.m; sourceTree = "<group>"; };
		AB2E744F18FFCD420061C63E /* System_IO_TextReader.h */ = {isa = PBXFileReference; fileEncoding = 4; lastKnownFileType = sourcecode.c.h; path = System_IO_TextReader.h; sourceTree = "<group>"; };
		AB2E745018FFCD420061C63E /* System_IO_TextReader.m */ = {isa = PBXFileReference; fileEncoding = 4; lastKnownFileType = sourcecode.c.objc; path = System_IO_TextReader.m; sourceTree = "<group>"; };
		AB2E745718FFCD8F0061C63E /* System_DayOfWeek.h */ = {isa = PBXFileReference; fileEncoding = 4; lastKnownFileType = sourcecode.c.h; path = System_DayOfWeek.h; sourceTree = "<group>"; };
		AB2E745818FFCD8F0061C63E /* System_Exception.h */ = {isa = PBXFileReference; fileEncoding = 4; lastKnownFileType = sourcecode.c.h; path = System_Exception.h; sourceTree = "<group>"; };
		AB2E745918FFCD8F0061C63E /* System_Exception.m */ = {isa = PBXFileReference; fileEncoding = 4; lastKnownFileType = sourcecode.c.objc; path = System_Exception.m; sourceTree = "<group>"; };
		AB2E745A18FFCD8F0061C63E /* System_FuncA2.h */ = {isa = PBXFileReference; fileEncoding = 4; lastKnownFileType = sourcecode.c.h; path = System_FuncA2.h; sourceTree = "<group>"; };
		AB2E745B18FFCD8F0061C63E /* System_FuncA2.m */ = {isa = PBXFileReference; fileEncoding = 4; lastKnownFileType = sourcecode.c.objc; path = System_FuncA2.m; sourceTree = "<group>"; };
		AB2E745C18FFCD8F0061C63E /* System_Globalization_CultureInfo.h */ = {isa = PBXFileReference; fileEncoding = 4; lastKnownFileType = sourcecode.c.h; path = System_Globalization_CultureInfo.h; sourceTree = "<group>"; };
		AB2E745D18FFCD8F0061C63E /* System_Globalization_CultureInfo.m */ = {isa = PBXFileReference; fileEncoding = 4; lastKnownFileType = sourcecode.c.objc; path = System_Globalization_CultureInfo.m; sourceTree = "<group>"; };
		AB2E746518FFCE2B0061C63E /* IEnumerableA1.h */ = {isa = PBXFileReference; fileEncoding = 4; lastKnownFileType = sourcecode.c.h; path = IEnumerableA1.h; sourceTree = "<group>"; };
		AB2E746618FFCE2B0061C63E /* IEnumerableA1.m */ = {isa = PBXFileReference; fileEncoding = 4; lastKnownFileType = sourcecode.c.objc; path = IEnumerableA1.m; sourceTree = "<group>"; };
		AB2E746D18FFCF980061C63E /* System_Collections_IEnumerable.h */ = {isa = PBXFileReference; fileEncoding = 4; lastKnownFileType = sourcecode.c.h; path = System_Collections_IEnumerable.h; sourceTree = "<group>"; };
		AB2E746E18FFCF980061C63E /* System_Collections_IEnumerable.m */ = {isa = PBXFileReference; fileEncoding = 4; lastKnownFileType = sourcecode.c.objc; path = System_Collections_IEnumerable.m; sourceTree = "<group>"; };
		AB2E74C218FFDB0D0061C63E /* Categories.h */ = {isa = PBXFileReference; fileEncoding = 4; lastKnownFileType = sourcecode.c.h; path = Categories.h; sourceTree = "<group>"; };
		AB2E74C318FFDB0D0061C63E /* Framework.h */ = {isa = PBXFileReference; fileEncoding = 4; lastKnownFileType = sourcecode.c.h; path = Framework.h; sourceTree = "<group>"; };
		AB2E74C418FFDB0D0061C63E /* GeneratedBindings.h */ = {isa = PBXFileReference; fileEncoding = 4; lastKnownFileType = sourcecode.c.h; path = GeneratedBindings.h; sourceTree = "<group>"; };
		AB2E74C518FFDB0D0061C63E /* HelperClasses.h */ = {isa = PBXFileReference; fileEncoding = 4; lastKnownFileType = sourcecode.c.h; path = HelperClasses.h; sourceTree = "<group>"; };
		AB2E74C618FFDB0D0061C63E /* ManualBindings.h */ = {isa = PBXFileReference; fileEncoding = 4; lastKnownFileType = sourcecode.c.h; path = ManualBindings.h; sourceTree = "<group>"; };
		AB8306B1191CFD5B009FF174 /* System_Type.h */ = {isa = PBXFileReference; fileEncoding = 4; lastKnownFileType = sourcecode.c.h; path = System_Type.h; sourceTree = "<group>"; };
		AB8306B2191CFD5B009FF174 /* System_Type.m */ = {isa = PBXFileReference; fileEncoding = 4; lastKnownFileType = sourcecode.c.objc; path = System_Type.m; sourceTree = "<group>"; };
		AB8306B5191D1231009FF174 /* DBSystem_Object.h */ = {isa = PBXFileReference; fileEncoding = 4; lastKnownFileType = sourcecode.c.h; path = DBSystem_Object.h; sourceTree = "<group>"; };
		AB8306B6191D1231009FF174 /* DBSystem_Object.m */ = {isa = PBXFileReference; fileEncoding = 4; lastKnownFileType = sourcecode.c.objc; path = DBSystem_Object.m; sourceTree = "<group>"; };
		AB92F2DC1AA4F0E700BA9B9E /* DBNullableBoolTransformer.h */ = {isa = PBXFileReference; fileEncoding = 4; lastKnownFileType = sourcecode.c.h; path = DBNullableBoolTransformer.h; sourceTree = "<group>"; };
		AB92F2DD1AA4F0E700BA9B9E /* DBNullableBoolTransformer.m */ = {isa = PBXFileReference; fileEncoding = 4; lastKnownFileType = sourcecode.c.objc; path = DBNullableBoolTransformer.m; sourceTree = "<group>"; };
		AB950DE6192AA6720035ABC6 /* DBNullableDateTransformer.h */ = {isa = PBXFileReference; fileEncoding = 4; lastKnownFileType = sourcecode.c.h; path = DBNullableDateTransformer.h; sourceTree = "<group>"; };
		AB950DE7192AA6720035ABC6 /* DBNullableDateTransformer.m */ = {isa = PBXFileReference; fileEncoding = 4; lastKnownFileType = sourcecode.c.objc; path = DBNullableDateTransformer.m; sourceTree = "<group>"; };
		AB950DEA192AA6C10035ABC6 /* ValueTransformers.h */ = {isa = PBXFileReference; fileEncoding = 4; lastKnownFileType = sourcecode.c.h; path = ValueTransformers.h; sourceTree = "<group>"; };
		ABB5CC281A9678E20089891A /* System_Collections_IList.h */ = {isa = PBXFileReference; fileEncoding = 4; lastKnownFileType = sourcecode.c.h; path = System_Collections_IList.h; sourceTree = "<group>"; };
		ABB5CC291A9678E20089891A /* System_Collections_IList.m */ = {isa = PBXFileReference; fileEncoding = 4; lastKnownFileType = sourcecode.c.objc; path = System_Collections_IList.m; sourceTree = "<group>"; };
		ABB8A28418FEFB0700213B80 /* Mono.mscorlib.framework */ = {isa = PBXFileReference; explicitFileType = wrapper.framework; includeInIndex = 0; path = Mono.mscorlib.framework; sourceTree = BUILT_PRODUCTS_DIR; };
		ABB8A28718FEFB0700213B80 /* Cocoa.framework */ = {isa = PBXFileReference; lastKnownFileType = wrapper.framework; name = Cocoa.framework; path = System/Library/Frameworks/Cocoa.framework; sourceTree = SDKROOT; };
		ABB8A28A18FEFB0700213B80 /* Foundation.framework */ = {isa = PBXFileReference; lastKnownFileType = wrapper.framework; name = Foundation.framework; path = System/Library/Frameworks/Foundation.framework; sourceTree = SDKROOT; };
		ABB8A28B18FEFB0700213B80 /* CoreData.framework */ = {isa = PBXFileReference; lastKnownFileType = wrapper.framework; name = CoreData.framework; path = System/Library/Frameworks/CoreData.framework; sourceTree = SDKROOT; };
		ABB8A28C18FEFB0700213B80 /* AppKit.framework */ = {isa = PBXFileReference; lastKnownFileType = wrapper.framework; name = AppKit.framework; path = System/Library/Frameworks/AppKit.framework; sourceTree = SDKROOT; };
		ABB8A28F18FEFB0700213B80 /* Mono.mscorlib-Info.plist */ = {isa = PBXFileReference; lastKnownFileType = text.plist.xml; path = "Mono.mscorlib-Info.plist"; sourceTree = "<group>"; };
		ABB8A29118FEFB0700213B80 /* en */ = {isa = PBXFileReference; lastKnownFileType = text.plist.strings; name = en; path = en.lproj/InfoPlist.strings; sourceTree = "<group>"; };
		ABB8A29318FEFB0700213B80 /* Mono.mscorlib-Prefix.pch */ = {isa = PBXFileReference; lastKnownFileType = sourcecode.c.h; path = "Mono.mscorlib-Prefix.pch"; sourceTree = "<group>"; };
		ABB8A29B18FEFB0700213B80 /* Mono.mscorlibTests.xctest */ = {isa = PBXFileReference; explicitFileType = wrapper.cfbundle; includeInIndex = 0; path = Mono.mscorlibTests.xctest; sourceTree = BUILT_PRODUCTS_DIR; };
		ABB8A2A418FEFB0700213B80 /* Mono.mscorlibTests-Info.plist */ = {isa = PBXFileReference; lastKnownFileType = text.plist.xml; path = "Mono.mscorlibTests-Info.plist"; sourceTree = "<group>"; };
		ABB8A2A618FEFB0700213B80 /* en */ = {isa = PBXFileReference; lastKnownFileType = text.plist.strings; name = en; path = en.lproj/InfoPlist.strings; sourceTree = "<group>"; };
		ABB8A2A818FEFB0700213B80 /* Mono_mscorlibTests.m */ = {isa = PBXFileReference; lastKnownFileType = sourcecode.c.objc; path = Mono_mscorlibTests.m; sourceTree = "<group>"; };
		ABB8A37918FF086200213B80 /* NSString+mscorlib.h */ = {isa = PBXFileReference; fileEncoding = 4; lastKnownFileType = sourcecode.c.h; path = "NSString+mscorlib.h"; sourceTree = "<group>"; };
		ABB8A37A18FF086200213B80 /* NSString+mscorlib.m */ = {isa = PBXFileReference; fileEncoding = 4; lastKnownFileType = sourcecode.c.objc; path = "NSString+mscorlib.m"; sourceTree = "<group>"; };
		ABB8A37E18FF092400213B80 /* DBSystem_IO_FileInfo.h */ = {isa = PBXFileReference; fileEncoding = 4; lastKnownFileType = sourcecode.c.h; path = DBSystem_IO_FileInfo.h; sourceTree = "<group>"; };
		ABB8A37F18FF092400213B80 /* DBSystem_IO_FileInfo.m */ = {isa = PBXFileReference; fileEncoding = 4; lastKnownFileType = sourcecode.c.objc; path = DBSystem_IO_FileInfo.m; sourceTree = "<group>"; };
		ABB8A39018FF09F900213B80 /* DBSystem_Array.h */ = {isa = PBXFileReference; fileEncoding = 4; lastKnownFileType = sourcecode.c.h; path = DBSystem_Array.h; sourceTree = "<group>"; };
		ABB8A39118FF09F900213B80 /* DBSystem_Array.m */ = {isa = PBXFileReference; fileEncoding = 4; lastKnownFileType = sourcecode.c.objc; path = DBSystem_Array.m; sourceTree = "<group>"; };
		ABB8A39218FF09F900213B80 /* DBSystem_Convert.h */ = {isa = PBXFileReference; fileEncoding = 4; lastKnownFileType = sourcecode.c.h; path = DBSystem_Convert.h; sourceTree = "<group>"; };
		ABB8A39318FF09F900213B80 /* DBSystem_Convert.m */ = {isa = PBXFileReference; fileEncoding = 4; lastKnownFileType = sourcecode.c.objc; path = DBSystem_Convert.m; sourceTree = "<group>"; };
		ABB8A39418FF09F900213B80 /* DBSystem_Enum.h */ = {isa = PBXFileReference; fileEncoding = 4; lastKnownFileType = sourcecode.c.h; path = DBSystem_Enum.h; sourceTree = "<group>"; };
		ABB8A39518FF09F900213B80 /* DBSystem_Enum.m */ = {isa = PBXFileReference; fileEncoding = 4; lastKnownFileType = sourcecode.c.objc; path = DBSystem_Enum.m; sourceTree = "<group>"; };
		ABB8A3E018FF0FE800213B80 /* NSArray+mscorlib.h */ = {isa = PBXFileReference; fileEncoding = 4; lastKnownFileType = sourcecode.c.h; path = "NSArray+mscorlib.h"; sourceTree = "<group>"; };
		ABB8A3E118FF0FE800213B80 /* NSArray+mscorlib.m */ = {isa = PBXFileReference; fileEncoding = 4; lastKnownFileType = sourcecode.c.objc; path = "NSArray+mscorlib.m"; sourceTree = "<group>"; };
		ABB8A3E418FF110000213B80 /* System_Array.h */ = {isa = PBXFileReference; fileEncoding = 4; lastKnownFileType = sourcecode.c.h; path = System_Array.h; sourceTree = "<group>"; };
		ABB8A3E518FF110000213B80 /* System_Array.m */ = {isa = PBXFileReference; fileEncoding = 4; lastKnownFileType = sourcecode.c.objc; path = System_Array.m; sourceTree = "<group>"; };
		ABB8A3E718FF110000213B80 /* System_Collections_ArrayList.h */ = {isa = PBXFileReference; fileEncoding = 4; lastKnownFileType = sourcecode.c.h; path = System_Collections_ArrayList.h; sourceTree = "<group>"; };
		ABB8A3E818FF110000213B80 /* System_Collections_ArrayList.m */ = {isa = PBXFileReference; fileEncoding = 4; lastKnownFileType = sourcecode.c.objc; path = System_Collections_ArrayList.m; sourceTree = "<group>"; };
		ABB8A3E918FF110000213B80 /* System_Collections_Generic_DictionaryA2.h */ = {isa = PBXFileReference; fileEncoding = 4; lastKnownFileType = sourcecode.c.h; path = System_Collections_Generic_DictionaryA2.h; sourceTree = "<group>"; };
		ABB8A3EA18FF110000213B80 /* System_Collections_Generic_DictionaryA2.m */ = {isa = PBXFileReference; fileEncoding = 4; lastKnownFileType = sourcecode.c.objc; path = System_Collections_Generic_DictionaryA2.m; sourceTree = "<group>"; };
		ABB8A3EB18FF110000213B80 /* System_Collections_Generic_ListA1.h */ = {isa = PBXFileReference; fileEncoding = 4; lastKnownFileType = sourcecode.c.h; path = System_Collections_Generic_ListA1.h; sourceTree = "<group>"; };
		ABB8A3EC18FF110000213B80 /* System_Collections_Generic_ListA1.m */ = {isa = PBXFileReference; fileEncoding = 4; lastKnownFileType = sourcecode.c.objc; path = System_Collections_Generic_ListA1.m; sourceTree = "<group>"; };
		ABB8A3ED18FF110000213B80 /* System_Convert.h */ = {isa = PBXFileReference; fileEncoding = 4; lastKnownFileType = sourcecode.c.h; path = System_Convert.h; sourceTree = "<group>"; };
		ABB8A3EE18FF110000213B80 /* System_Convert.m */ = {isa = PBXFileReference; fileEncoding = 4; lastKnownFileType = sourcecode.c.objc; path = System_Convert.m; sourceTree = "<group>"; };
		ABB8A3EF18FF110000213B80 /* System_Enum.h */ = {isa = PBXFileReference; fileEncoding = 4; lastKnownFileType = sourcecode.c.h; path = System_Enum.h; sourceTree = "<group>"; };
		ABB8A3F018FF110000213B80 /* System_Enum.m */ = {isa = PBXFileReference; fileEncoding = 4; lastKnownFileType = sourcecode.c.objc; path = System_Enum.m; sourceTree = "<group>"; };
		ABB8A3F118FF110000213B80 /* System_EventArgs.h */ = {isa = PBXFileReference; fileEncoding = 4; lastKnownFileType = sourcecode.c.h; path = System_EventArgs.h; sourceTree = "<group>"; };
		ABB8A3F218FF110000213B80 /* System_EventArgs.m */ = {isa = PBXFileReference; fileEncoding = 4; lastKnownFileType = sourcecode.c.objc; path = System_EventArgs.m; sourceTree = "<group>"; };
		ABB8A3F318FF110000213B80 /* System_IAsyncResult.h */ = {isa = PBXFileReference; fileEncoding = 4; lastKnownFileType = sourcecode.c.h; path = System_IAsyncResult.h; sourceTree = "<group>"; };
		ABB8A3F418FF110000213B80 /* System_IAsyncResult.m */ = {isa = PBXFileReference; fileEncoding = 4; lastKnownFileType = sourcecode.c.objc; path = System_IAsyncResult.m; sourceTree = "<group>"; };
		ABB8A3F518FF110000213B80 /* System_IO_FileInfo.h */ = {isa = PBXFileReference; fileEncoding = 4; lastKnownFileType = sourcecode.c.h; path = System_IO_FileInfo.h; sourceTree = "<group>"; };
		ABB8A3F618FF110000213B80 /* System_IO_FileInfo.m */ = {isa = PBXFileReference; fileEncoding = 4; lastKnownFileType = sourcecode.c.objc; path = System_IO_FileInfo.m; sourceTree = "<group>"; };
		ABB8A3F718FF110000213B80 /* System_MulticastDelegate.h */ = {isa = PBXFileReference; fileEncoding = 4; lastKnownFileType = sourcecode.c.h; path = System_MulticastDelegate.h; sourceTree = "<group>"; };
		ABB8A3F818FF110000213B80 /* System_MulticastDelegate.m */ = {isa = PBXFileReference; fileEncoding = 4; lastKnownFileType = sourcecode.c.objc; path = System_MulticastDelegate.m; sourceTree = "<group>"; };
		ABB8A3F918FF110000213B80 /* System_Object.h */ = {isa = PBXFileReference; fileEncoding = 4; lastKnownFileType = sourcecode.c.h; path = System_Object.h; sourceTree = "<group>"; };
		ABB8A3FA18FF110000213B80 /* System_Object.m */ = {isa = PBXFileReference; fileEncoding = 4; lastKnownFileType = sourcecode.c.objc; path = System_Object.m; sourceTree = "<group>"; };
		ABB8A3FB18FF110000213B80 /* System_String.h */ = {isa = PBXFileReference; fileEncoding = 4; lastKnownFileType = sourcecode.c.h; path = System_String.h; sourceTree = "<group>"; };
		ABB8A3FC18FF110000213B80 /* System_String.m */ = {isa = PBXFileReference; fileEncoding = 4; lastKnownFileType = sourcecode.c.objc; path = System_String.m; sourceTree = "<group>"; };
		ABB8A41618FF113800213B80 /* System_Object+mscorlib.h */ = {isa = PBXFileReference; fileEncoding = 4; lastKnownFileType = sourcecode.c.h; path = "System_Object+mscorlib.h"; sourceTree = "<group>"; };
		ABB8A41718FF113800213B80 /* System_Object+mscorlib.m */ = {isa = PBXFileReference; fileEncoding = 4; lastKnownFileType = sourcecode.c.objc; path = "System_Object+mscorlib.m"; sourceTree = "<group>"; };
		ABB8A41A18FF155F00213B80 /* System_NullableA1.h */ = {isa = PBXFileReference; fileEncoding = 4; lastKnownFileType = sourcecode.c.h; path = System_NullableA1.h; sourceTree = "<group>"; };
		ABB8A41B18FF155F00213B80 /* System_NullableA1.m */ = {isa = PBXFileReference; fileEncoding = 4; lastKnownFileType = sourcecode.c.objc; path = System_NullableA1.m; sourceTree = "<group>"; };
		ABB8A41E18FF15B300213B80 /* DBSystem_Collections_ArrayList.h */ = {isa = PBXFileReference; fileEncoding = 4; lastKnownFileType = sourcecode.c.h; path = DBSystem_Collections_ArrayList.h; sourceTree = "<group>"; };
		ABB8A41F18FF15B300213B80 /* DBSystem_Collections_ArrayList.m */ = {isa = PBXFileReference; fileEncoding = 4; lastKnownFileType = sourcecode.c.objc; path = DBSystem_Collections_ArrayList.m; sourceTree = "<group>"; };
		ABB8A42018FF15B300213B80 /* DBSystem_Collections_Generic_DictionaryA2.h */ = {isa = PBXFileReference; fileEncoding = 4; lastKnownFileType = sourcecode.c.h; path = DBSystem_Collections_Generic_DictionaryA2.h; sourceTree = "<group>"; };
		ABB8A42118FF15B300213B80 /* DBSystem_Collections_Generic_DictionaryA2.m */ = {isa = PBXFileReference; fileEncoding = 4; lastKnownFileType = sourcecode.c.objc; path = DBSystem_Collections_Generic_DictionaryA2.m; sourceTree = "<group>"; };
		ABB8A42218FF15B300213B80 /* DBSystem_Collections_Generic_ListA1.h */ = {isa = PBXFileReference; fileEncoding = 4; lastKnownFileType = sourcecode.c.h; path = DBSystem_Collections_Generic_ListA1.h; sourceTree = "<group>"; };
		ABB8A42318FF15B300213B80 /* DBSystem_Collections_Generic_ListA1.m */ = {isa = PBXFileReference; fileEncoding = 4; lastKnownFileType = sourcecode.c.objc; path = DBSystem_Collections_Generic_ListA1.m; sourceTree = "<group>"; };
		ABB8A42418FF15B300213B80 /* DBSystem_Collections_IList.h */ = {isa = PBXFileReference; fileEncoding = 4; lastKnownFileType = sourcecode.c.h; path = DBSystem_Collections_IList.h; sourceTree = "<group>"; };
		ABB8A42518FF15B300213B80 /* DBSystem_Collections_IList.m */ = {isa = PBXFileReference; fileEncoding = 4; lastKnownFileType = sourcecode.c.objc; path = DBSystem_Collections_IList.m; sourceTree = "<group>"; };
		ABB8A43118FF1F6300213B80 /* Interface_IEnumerable_T.h */ = {isa = PBXFileReference; fileEncoding = 4; lastKnownFileType = sourcecode.c.h; path = Interface_IEnumerable_T.h; sourceTree = "<group>"; };
		ABB8A43218FF1F6300213B80 /* Interface_IList.h */ = {isa = PBXFileReference; fileEncoding = 4; lastKnownFileType = sourcecode.c.h; path = Interface_IList.h; sourceTree = "<group>"; };
		ABB8A43B18FF232000213B80 /* Mono64.framework */ = {isa = PBXFileReference; lastKnownFileType = wrapper.framework; name = Mono64.framework; path = /Users/jonathan/Documents/Thesaurus/Development/OSX/BrightPay/Dubrovnik/Mono.mscorlib/../../../../../../../../../Library/Frameworks/Mono64.framework; sourceTree = "<absolute>"; };
		ABC6278F1A60794600F89877 /* System_Text_StringBuilder.h */ = {isa = PBXFileReference; fileEncoding = 4; lastKnownFileType = sourcecode.c.h; path = System_Text_StringBuilder.h; sourceTree = "<group>"; };
		ABC627901A60794600F89877 /* System_Text_StringBuilder.m */ = {isa = PBXFileReference; fileEncoding = 4; lastKnownFileType = sourcecode.c.objc; path = System_Text_StringBuilder.m; sourceTree = "<group>"; };
		ABD5F7CD1A6E57660070C02B /* System_DateTime.h */ = {isa = PBXFileReference; fileEncoding = 4; lastKnownFileType = sourcecode.c.h; path = System_DateTime.h; sourceTree = "<group>"; };
		ABD5F7CE1A6E57660070C02B /* System_DateTime.m */ = {isa = PBXFileReference; fileEncoding = 4; lastKnownFileType = sourcecode.c.objc; path = System_DateTime.m; sourceTree = "<group>"; };
		ABE1354B192AAEED000689BC /* DBNullableDecimalTransformer.h */ = {isa = PBXFileReference; fileEncoding = 4; lastKnownFileType = sourcecode.c.h; path = DBNullableDecimalTransformer.h; sourceTree = "<group>"; };
		ABE1354C192AAEED000689BC /* DBNullableDecimalTransformer.m */ = {isa = PBXFileReference; fileEncoding = 4; lastKnownFileType = sourcecode.c.objc; path = DBNullableDecimalTransformer.m; sourceTree = "<group>"; };
		ABE1354F192AB0C5000689BC /* DBNullableInt64Transformer.h */ = {isa = PBXFileReference; fileEncoding = 4; lastKnownFileType = sourcecode.c.h; path = DBNullableInt64Transformer.h; sourceTree = "<group>"; };
		ABE13550192AB0C5000689BC /* DBNullableInt64Transformer.m */ = {isa = PBXFileReference; fileEncoding = 4; lastKnownFileType = sourcecode.c.objc; path = DBNullableInt64Transformer.m; sourceTree = "<group>"; };
		ABF5D271190C570000E9CFBD /* Dubrovnik.framework */ = {isa = PBXFileReference; lastKnownFileType = wrapper.framework; path = Dubrovnik.framework; sourceTree = BUILT_PRODUCTS_DIR; };
/* End PBXFileReference section */

/* Begin PBXFrameworksBuildPhase section */
		ABB8A28018FEFB0700213B80 /* Frameworks */ = {
			isa = PBXFrameworksBuildPhase;
			buildActionMask = 2147483647;
			files = (
				ABF5D272190C570000E9CFBD /* Dubrovnik.framework in Frameworks */,
				ABB8A43C18FF232000213B80 /* Mono64.framework in Frameworks */,
				ABB8A28818FEFB0700213B80 /* Cocoa.framework in Frameworks */,
			);
			runOnlyForDeploymentPostprocessing = 0;
		};
		ABB8A29818FEFB0700213B80 /* Frameworks */ = {
			isa = PBXFrameworksBuildPhase;
			buildActionMask = 2147483647;
			files = (
				ABB8A2A118FEFB0700213B80 /* Mono.mscorlib.framework in Frameworks */,
				ABB8A29E18FEFB0700213B80 /* Cocoa.framework in Frameworks */,
			);
			runOnlyForDeploymentPostprocessing = 0;
		};
/* End PBXFrameworksBuildPhase section */

/* Begin PBXGroup section */
		AB2E74C118FFDB0D0061C63E /* Include */ = {
			isa = PBXGroup;
			children = (
				AB2E74C218FFDB0D0061C63E /* Categories.h */,
				AB2E74C318FFDB0D0061C63E /* Framework.h */,
				AB2E74C418FFDB0D0061C63E /* GeneratedBindings.h */,
				AB2E74C518FFDB0D0061C63E /* HelperClasses.h */,
				AB2E74C618FFDB0D0061C63E /* ManualBindings.h */,
				AB950DEA192AA6C10035ABC6 /* ValueTransformers.h */,
			);
			path = Include;
			sourceTree = "<group>";
		};
		AB950DE5192AA6720035ABC6 /* Value Transformers */ = {
			isa = PBXGroup;
			children = (
				AB950DE6192AA6720035ABC6 /* DBNullableDateTransformer.h */,
				AB950DE7192AA6720035ABC6 /* DBNullableDateTransformer.m */,
				ABE1354B192AAEED000689BC /* DBNullableDecimalTransformer.h */,
				ABE1354C192AAEED000689BC /* DBNullableDecimalTransformer.m */,
				ABE1354F192AB0C5000689BC /* DBNullableInt64Transformer.h */,
				ABE13550192AB0C5000689BC /* DBNullableInt64Transformer.m */,
				AB92F2DC1AA4F0E700BA9B9E /* DBNullableBoolTransformer.h */,
				AB92F2DD1AA4F0E700BA9B9E /* DBNullableBoolTransformer.m */,
			);
			path = "Value Transformers";
			sourceTree = "<group>";
		};
		ABB8A27A18FEFB0700213B80 = {
			isa = PBXGroup;
			children = (
				ABB8A28D18FEFB0700213B80 /* Mono.mscorlib */,
				ABB8A2A218FEFB0700213B80 /* Mono.mscorlibTests */,
				ABB8A28618FEFB0700213B80 /* Frameworks */,
				ABB8A28518FEFB0700213B80 /* Products */,
			);
			sourceTree = "<group>";
		};
		ABB8A28518FEFB0700213B80 /* Products */ = {
			isa = PBXGroup;
			children = (
				ABB8A28418FEFB0700213B80 /* Mono.mscorlib.framework */,
				ABB8A29B18FEFB0700213B80 /* Mono.mscorlibTests.xctest */,
			);
			name = Products;
			sourceTree = "<group>";
		};
		ABB8A28618FEFB0700213B80 /* Frameworks */ = {
			isa = PBXGroup;
			children = (
				ABF5D271190C570000E9CFBD /* Dubrovnik.framework */,
				ABB8A43B18FF232000213B80 /* Mono64.framework */,
				ABB8A28718FEFB0700213B80 /* Cocoa.framework */,
				ABB8A28918FEFB0700213B80 /* Other Frameworks */,
			);
			name = Frameworks;
			sourceTree = "<group>";
		};
		ABB8A28918FEFB0700213B80 /* Other Frameworks */ = {
			isa = PBXGroup;
			children = (
				ABB8A28A18FEFB0700213B80 /* Foundation.framework */,
				ABB8A28B18FEFB0700213B80 /* CoreData.framework */,
				ABB8A28C18FEFB0700213B80 /* AppKit.framework */,
			);
			name = "Other Frameworks";
			sourceTree = "<group>";
		};
		ABB8A28D18FEFB0700213B80 /* Mono.mscorlib */ = {
			isa = PBXGroup;
			children = (
				AB950DE5192AA6720035ABC6 /* Value Transformers */,
				AB2E74C118FFDB0D0061C63E /* Include */,
				ABB8A43018FF1F6300213B80 /* Protocols */,
				ABB8A37D18FF092400213B80 /* Helper classes */,
				ABB8A37818FF086200213B80 /* Categories */,
				ABB8A36A18FF04B700213B80 /* Manual bindings */,
				ABB8A28E18FEFB0700213B80 /* Supporting Files */,
			);
			path = Mono.mscorlib;
			sourceTree = "<group>";
		};
		ABB8A28E18FEFB0700213B80 /* Supporting Files */ = {
			isa = PBXGroup;
			children = (
				ABB8A28F18FEFB0700213B80 /* Mono.mscorlib-Info.plist */,
				ABB8A29018FEFB0700213B80 /* InfoPlist.strings */,
				ABB8A29318FEFB0700213B80 /* Mono.mscorlib-Prefix.pch */,
			);
			name = "Supporting Files";
			sourceTree = "<group>";
		};
		ABB8A2A218FEFB0700213B80 /* Mono.mscorlibTests */ = {
			isa = PBXGroup;
			children = (
				ABB8A2A818FEFB0700213B80 /* Mono_mscorlibTests.m */,
				ABB8A2A318FEFB0700213B80 /* Supporting Files */,
			);
			path = Mono.mscorlibTests;
			sourceTree = "<group>";
		};
		ABB8A2A318FEFB0700213B80 /* Supporting Files */ = {
			isa = PBXGroup;
			children = (
				ABB8A2A418FEFB0700213B80 /* Mono.mscorlibTests-Info.plist */,
				ABB8A2A518FEFB0700213B80 /* InfoPlist.strings */,
			);
			name = "Supporting Files";
			sourceTree = "<group>";
		};
		ABB8A36A18FF04B700213B80 /* Manual bindings */ = {
			isa = PBXGroup;
			children = (
				AB8306B1191CFD5B009FF174 /* System_Type.h */,
				AB8306B2191CFD5B009FF174 /* System_Type.m */,
				AB2E746D18FFCF980061C63E /* System_Collections_IEnumerable.h */,
				AB2E746E18FFCF980061C63E /* System_Collections_IEnumerable.m */,
				AB2E746518FFCE2B0061C63E /* IEnumerableA1.h */,
				AB2E746618FFCE2B0061C63E /* IEnumerableA1.m */,
				AB2E745718FFCD8F0061C63E /* System_DayOfWeek.h */,
				AB2E745818FFCD8F0061C63E /* System_Exception.h */,
				AB2E745918FFCD8F0061C63E /* System_Exception.m */,
				AB2E745A18FFCD8F0061C63E /* System_FuncA2.h */,
				AB2E745B18FFCD8F0061C63E /* System_FuncA2.m */,
				AB2E745C18FFCD8F0061C63E /* System_Globalization_CultureInfo.h */,
				AB2E745D18FFCD8F0061C63E /* System_Globalization_CultureInfo.m */,
				AB2E744B18FFCD420061C63E /* System_IO_Stream.h */,
				AB2E744C18FFCD420061C63E /* System_IO_Stream.m */,
				AB2E744D18FFCD420061C63E /* System_IO_StringWriter.h */,
				AB2E744E18FFCD420061C63E /* System_IO_StringWriter.m */,
				AB2E744F18FFCD420061C63E /* System_IO_TextReader.h */,
				AB2E745018FFCD420061C63E /* System_IO_TextReader.m */,
				AB2E743318FFCD0A0061C63E /* System_Reflection.h */,
				AB2E743418FFCD0A0061C63E /* System_Reflection.m */,
				AB2E743518FFCD0A0061C63E /* System_Reflection_MethodInfo.h */,
				AB2E743618FFCD0A0061C63E /* System_Reflection_MethodInfo.m */,
				AB2E743718FFCD0A0061C63E /* System_Reflection_PropertyInfo.h */,
				AB2E743818FFCD0A0061C63E /* System_Reflection_PropertyInfo.m */,
				AB2E743918FFCD0A0061C63E /* System_Text_Encoding.h */,
				AB2E743A18FFCD0A0061C63E /* System_Text_Encoding.m */,
				AB2E743B18FFCD0A0061C63E /* System_TimeSpan.h */,
				AB2E743C18FFCD0A0061C63E /* System_TimeSpan.m */,
				AB2E742718FFCCE50061C63E /* System_Collections_Generic_IDictionaryA2.h */,
				AB2E742818FFCCE50061C63E /* System_Collections_Generic_IDictionaryA2.m */,
				AB2E742918FFCCE50061C63E /* System_Collections_Generic_IEnumerableA1.h */,
				AB2E742A18FFCCE50061C63E /* System_Collections_Generic_IEnumerableA1.m */,
				AB2E742B18FFCCE50061C63E /* System_Collections_Generic_KeyValuePairA2.h */,
				AB2E742C18FFCCE50061C63E /* System_Collections_Generic_KeyValuePairA2.m */,
				AB2E742318FFCB7C0061C63E /* System_Reflection_ConstructorInfo.h */,
				AB2E742418FFCB7C0061C63E /* System_Reflection_ConstructorInfo.m */,
				ABB8A41A18FF155F00213B80 /* System_NullableA1.h */,
				ABB8A41B18FF155F00213B80 /* System_NullableA1.m */,
				ABB8A3E418FF110000213B80 /* System_Array.h */,
				ABB8A3E518FF110000213B80 /* System_Array.m */,
				ABB8A3E718FF110000213B80 /* System_Collections_ArrayList.h */,
				ABB8A3E818FF110000213B80 /* System_Collections_ArrayList.m */,
				ABB8A3E918FF110000213B80 /* System_Collections_Generic_DictionaryA2.h */,
				ABB8A3EA18FF110000213B80 /* System_Collections_Generic_DictionaryA2.m */,
				ABB8A3EB18FF110000213B80 /* System_Collections_Generic_ListA1.h */,
				ABB8A3EC18FF110000213B80 /* System_Collections_Generic_ListA1.m */,
				ABB8A3ED18FF110000213B80 /* System_Convert.h */,
				ABB8A3EE18FF110000213B80 /* System_Convert.m */,
				ABB8A3EF18FF110000213B80 /* System_Enum.h */,
				ABB8A3F018FF110000213B80 /* System_Enum.m */,
				ABB8A3F118FF110000213B80 /* System_EventArgs.h */,
				ABB8A3F218FF110000213B80 /* System_EventArgs.m */,
				ABB8A3F318FF110000213B80 /* System_IAsyncResult.h */,
				ABB8A3F418FF110000213B80 /* System_IAsyncResult.m */,
				ABB8A3F518FF110000213B80 /* System_IO_FileInfo.h */,
				ABB8A3F618FF110000213B80 /* System_IO_FileInfo.m */,
				ABB8A3F718FF110000213B80 /* System_MulticastDelegate.h */,
				ABB8A3F818FF110000213B80 /* System_MulticastDelegate.m */,
				ABB8A3F918FF110000213B80 /* System_Object.h */,
				ABB8A3FA18FF110000213B80 /* System_Object.m */,
				ABB8A3FB18FF110000213B80 /* System_String.h */,
				ABB8A3FC18FF110000213B80 /* System_String.m */,
				ABC6278F1A60794600F89877 /* System_Text_StringBuilder.h */,
				ABC627901A60794600F89877 /* System_Text_StringBuilder.m */,
				ABD5F7CD1A6E57660070C02B /* System_DateTime.h */,
				ABD5F7CE1A6E57660070C02B /* System_DateTime.m */,
				ABB5CC281A9678E20089891A /* System_Collections_IList.h */,
				ABB5CC291A9678E20089891A /* System_Collections_IList.m */,
			);
			path = "Manual bindings";
			sourceTree = "<group>";
		};
		ABB8A37818FF086200213B80 /* Categories */ = {
			isa = PBXGroup;
			children = (
				ABB8A3E018FF0FE800213B80 /* NSArray+mscorlib.h */,
				ABB8A3E118FF0FE800213B80 /* NSArray+mscorlib.m */,
				ABB8A37918FF086200213B80 /* NSString+mscorlib.h */,
				ABB8A37A18FF086200213B80 /* NSString+mscorlib.m */,
				ABB8A41618FF113800213B80 /* System_Object+mscorlib.h */,
				ABB8A41718FF113800213B80 /* System_Object+mscorlib.m */,
			);
			path = Categories;
			sourceTree = "<group>";
		};
		ABB8A37D18FF092400213B80 /* Helper classes */ = {
			isa = PBXGroup;
			children = (
				ABB8A41E18FF15B300213B80 /* DBSystem_Collections_ArrayList.h */,
				ABB8A41F18FF15B300213B80 /* DBSystem_Collections_ArrayList.m */,
				ABB8A42018FF15B300213B80 /* DBSystem_Collections_Generic_DictionaryA2.h */,
				ABB8A42118FF15B300213B80 /* DBSystem_Collections_Generic_DictionaryA2.m */,
				ABB8A42218FF15B300213B80 /* DBSystem_Collections_Generic_ListA1.h */,
				ABB8A42318FF15B300213B80 /* DBSystem_Collections_Generic_ListA1.m */,
				ABB8A42418FF15B300213B80 /* DBSystem_Collections_IList.h */,
				ABB8A42518FF15B300213B80 /* DBSystem_Collections_IList.m */,
				ABB8A39018FF09F900213B80 /* DBSystem_Array.h */,
				ABB8A39118FF09F900213B80 /* DBSystem_Array.m */,
				ABB8A39218FF09F900213B80 /* DBSystem_Convert.h */,
				ABB8A39318FF09F900213B80 /* DBSystem_Convert.m */,
				ABB8A39418FF09F900213B80 /* DBSystem_Enum.h */,
				ABB8A39518FF09F900213B80 /* DBSystem_Enum.m */,
				ABB8A37E18FF092400213B80 /* DBSystem_IO_FileInfo.h */,
				ABB8A37F18FF092400213B80 /* DBSystem_IO_FileInfo.m */,
				AB8306B5191D1231009FF174 /* DBSystem_Object.h */,
				AB8306B6191D1231009FF174 /* DBSystem_Object.m */,
			);
			path = "Helper classes";
			sourceTree = "<group>";
		};
		ABB8A43018FF1F6300213B80 /* Protocols */ = {
			isa = PBXGroup;
			children = (
				ABB8A43118FF1F6300213B80 /* Interface_IEnumerable_T.h */,
				ABB8A43218FF1F6300213B80 /* Interface_IList.h */,
			);
			path = Protocols;
			sourceTree = "<group>";
		};
/* End PBXGroup section */

/* Begin PBXHeadersBuildPhase section */
		ABB8A28118FEFB0700213B80 /* Headers */ = {
			isa = PBXHeadersBuildPhase;
			buildActionMask = 2147483647;
			files = (
				AB92F2DE1AA4F0E700BA9B9E /* DBNullableBoolTransformer.h in Headers */,
				ABD5F7CF1A6E57660070C02B /* System_DateTime.h in Headers */,
				ABE13551192AB0C5000689BC /* DBNullableInt64Transformer.h in Headers */,
				ABE1354D192AAEED000689BC /* DBNullableDecimalTransformer.h in Headers */,
				AB950DE8192AA6720035ABC6 /* DBNullableDateTransformer.h in Headers */,
				AB950DEB192AA6C10035ABC6 /* ValueTransformers.h in Headers */,
				AB8306B7191D1231009FF174 /* DBSystem_Object.h in Headers */,
				AB8306B3191CFD5B009FF174 /* System_Type.h in Headers */,
				AB2E74CA18FFDB0D0061C63E /* HelperClasses.h in Headers */,
				AB2E74C818FFDB0D0061C63E /* Framework.h in Headers */,
				AB2E74C918FFDB0D0061C63E /* GeneratedBindings.h in Headers */,
				AB2E74C718FFDB0D0061C63E /* Categories.h in Headers */,
				AB2E74CB18FFDB0D0061C63E /* ManualBindings.h in Headers */,
				AB2E746F18FFCF980061C63E /* System_Collections_IEnumerable.h in Headers */,
				AB2E745318FFCD420061C63E /* System_IO_StringWriter.h in Headers */,
				AB2E744518FFCD0A0061C63E /* System_Text_Encoding.h in Headers */,
				AB2E746318FFCD8F0061C63E /* System_Globalization_CultureInfo.h in Headers */,
				AB2E746118FFCD8F0061C63E /* System_FuncA2.h in Headers */,
				AB2E745118FFCD420061C63E /* System_IO_Stream.h in Headers */,
				AB2E746718FFCE2B0061C63E /* IEnumerableA1.h in Headers */,
				AB2E745E18FFCD8F0061C63E /* System_DayOfWeek.h in Headers */,
				AB2E744118FFCD0A0061C63E /* System_Reflection_MethodInfo.h in Headers */,
				AB2E743F18FFCD0A0061C63E /* System_Reflection.h in Headers */,
				AB2E744318FFCD0A0061C63E /* System_Reflection_PropertyInfo.h in Headers */,
				AB2E742D18FFCCE50061C63E /* System_Collections_Generic_IDictionaryA2.h in Headers */,
				AB2E742F18FFCCE50061C63E /* System_Collections_Generic_IEnumerableA1.h in Headers */,
				AB2E743118FFCCE50061C63E /* System_Collections_Generic_KeyValuePairA2.h in Headers */,
				AB2E745518FFCD420061C63E /* System_IO_TextReader.h in Headers */,
				AB2E745F18FFCD8F0061C63E /* System_Exception.h in Headers */,
				AB2E742518FFCB7C0061C63E /* System_Reflection_ConstructorInfo.h in Headers */,
				AB2E744718FFCD0A0061C63E /* System_TimeSpan.h in Headers */,
				ABB8A43418FF1F6300213B80 /* Interface_IList.h in Headers */,
				ABB8A43318FF1F6300213B80 /* Interface_IEnumerable_T.h in Headers */,
				ABB8A41418FF110000213B80 /* System_String.h in Headers */,
				ABB8A40418FF110000213B80 /* System_Collections_Generic_ListA1.h in Headers */,
				ABB8A41018FF110000213B80 /* System_MulticastDelegate.h in Headers */,
				ABB8A39618FF09F900213B80 /* DBSystem_Array.h in Headers */,
				ABB8A42818FF15B300213B80 /* DBSystem_Collections_Generic_DictionaryA2.h in Headers */,
				ABB8A40218FF110000213B80 /* System_Collections_Generic_DictionaryA2.h in Headers */,
				ABB8A39818FF09F900213B80 /* DBSystem_Convert.h in Headers */,
				ABB8A40618FF110000213B80 /* System_Convert.h in Headers */,
				ABB8A41C18FF155F00213B80 /* System_NullableA1.h in Headers */,
				ABB8A41218FF110000213B80 /* System_Object.h in Headers */,
				ABB8A41818FF113800213B80 /* System_Object+mscorlib.h in Headers */,
				ABB8A40018FF110000213B80 /* System_Collections_ArrayList.h in Headers */,
				ABB8A42C18FF15B300213B80 /* DBSystem_Collections_IList.h in Headers */,
				ABB8A40818FF110000213B80 /* System_Enum.h in Headers */,
				ABB8A40A18FF110000213B80 /* System_EventArgs.h in Headers */,
				ABB5CC2A1A9678E20089891A /* System_Collections_IList.h in Headers */,
				ABB8A42618FF15B300213B80 /* DBSystem_Collections_ArrayList.h in Headers */,
				ABB8A42A18FF15B300213B80 /* DBSystem_Collections_Generic_ListA1.h in Headers */,
				ABB8A40C18FF110000213B80 /* System_IAsyncResult.h in Headers */,
				ABB8A3FD18FF110000213B80 /* System_Array.h in Headers */,
				ABB8A3E218FF0FE800213B80 /* NSArray+mscorlib.h in Headers */,
				ABB8A39A18FF09F900213B80 /* DBSystem_Enum.h in Headers */,
				ABB8A40E18FF110000213B80 /* System_IO_FileInfo.h in Headers */,
				ABB8A38018FF092400213B80 /* DBSystem_IO_FileInfo.h in Headers */,
				ABC627911A60794600F89877 /* System_Text_StringBuilder.h in Headers */,
				ABB8A37B18FF086200213B80 /* NSString+mscorlib.h in Headers */,
			);
			runOnlyForDeploymentPostprocessing = 0;
		};
/* End PBXHeadersBuildPhase section */

/* Begin PBXNativeTarget section */
		ABB8A28318FEFB0700213B80 /* Mono.mscorlib */ = {
			isa = PBXNativeTarget;
			buildConfigurationList = ABB8A2AC18FEFB0700213B80 /* Build configuration list for PBXNativeTarget "Mono.mscorlib" */;
			buildPhases = (
				ABB8A27F18FEFB0700213B80 /* Sources */,
				ABB8A28018FEFB0700213B80 /* Frameworks */,
				ABB8A28118FEFB0700213B80 /* Headers */,
				ABB8A28218FEFB0700213B80 /* Resources */,
			);
			buildRules = (
			);
			dependencies = (
			);
			name = Mono.mscorlib;
			productName = Mono.mscorlib;
			productReference = ABB8A28418FEFB0700213B80 /* Mono.mscorlib.framework */;
			productType = "com.apple.product-type.framework";
		};
		ABB8A29A18FEFB0700213B80 /* Mono.mscorlibTests */ = {
			isa = PBXNativeTarget;
			buildConfigurationList = ABB8A2AF18FEFB0700213B80 /* Build configuration list for PBXNativeTarget "Mono.mscorlibTests" */;
			buildPhases = (
				ABB8A29718FEFB0700213B80 /* Sources */,
				ABB8A29818FEFB0700213B80 /* Frameworks */,
				ABB8A29918FEFB0700213B80 /* Resources */,
			);
			buildRules = (
			);
			dependencies = (
				ABB8A2A018FEFB0700213B80 /* PBXTargetDependency */,
			);
			name = Mono.mscorlibTests;
			productName = Mono.mscorlibTests;
			productReference = ABB8A29B18FEFB0700213B80 /* Mono.mscorlibTests.xctest */;
			productType = "com.apple.product-type.bundle.unit-test";
		};
/* End PBXNativeTarget section */

/* Begin PBXProject section */
		ABB8A27B18FEFB0700213B80 /* Project object */ = {
			isa = PBXProject;
			attributes = {
				LastUpgradeCheck = 0510;
				ORGANIZATIONNAME = "Thesaurus Software";
				TargetAttributes = {
					ABB8A29A18FEFB0700213B80 = {
						TestTargetID = ABB8A28318FEFB0700213B80;
					};
				};
			};
			buildConfigurationList = ABB8A27E18FEFB0700213B80 /* Build configuration list for PBXProject "Mono.mscorlib" */;
			compatibilityVersion = "Xcode 3.2";
			developmentRegion = English;
			hasScannedForEncodings = 0;
			knownRegions = (
				en,
			);
			mainGroup = ABB8A27A18FEFB0700213B80;
			productRefGroup = ABB8A28518FEFB0700213B80 /* Products */;
			projectDirPath = "";
			projectRoot = "";
			targets = (
				ABB8A28318FEFB0700213B80 /* Mono.mscorlib */,
				ABB8A29A18FEFB0700213B80 /* Mono.mscorlibTests */,
			);
		};
/* End PBXProject section */

/* Begin PBXResourcesBuildPhase section */
		ABB8A28218FEFB0700213B80 /* Resources */ = {
			isa = PBXResourcesBuildPhase;
			buildActionMask = 2147483647;
			files = (
				ABB8A29218FEFB0700213B80 /* InfoPlist.strings in Resources */,
			);
			runOnlyForDeploymentPostprocessing = 0;
		};
		ABB8A29918FEFB0700213B80 /* Resources */ = {
			isa = PBXResourcesBuildPhase;
			buildActionMask = 2147483647;
			files = (
				ABB8A2A718FEFB0700213B80 /* InfoPlist.strings in Resources */,
			);
			runOnlyForDeploymentPostprocessing = 0;
		};
/* End PBXResourcesBuildPhase section */

/* Begin PBXSourcesBuildPhase section */
		ABB8A27F18FEFB0700213B80 /* Sources */ = {
			isa = PBXSourcesBuildPhase;
			buildActionMask = 2147483647;
			files = (
				AB8306B8191D1231009FF174 /* DBSystem_Object.m in Sources */,
				ABB8A42D18FF15B300213B80 /* DBSystem_Collections_IList.m in Sources */,
				ABB8A41318FF110000213B80 /* System_Object.m in Sources */,
				ABB8A3E318FF0FE800213B80 /* NSArray+mscorlib.m in Sources */,
				AB950DE9192AA6720035ABC6 /* DBNullableDateTransformer.m in Sources */,
				ABB5CC2B1A9678E20089891A /* System_Collections_IList.m in Sources */,
				AB2E744418FFCD0A0061C63E /* System_Reflection_PropertyInfo.m in Sources */,
				ABB8A40518FF110000213B80 /* System_Collections_Generic_ListA1.m in Sources */,
				AB2E746818FFCE2B0061C63E /* IEnumerableA1.m in Sources */,
				AB2E747018FFCF980061C63E /* System_Collections_IEnumerable.m in Sources */,
				AB2E743018FFCCE50061C63E /* System_Collections_Generic_IEnumerableA1.m in Sources */,
				ABB8A41D18FF155F00213B80 /* System_NullableA1.m in Sources */,
				ABB8A42718FF15B300213B80 /* DBSystem_Collections_ArrayList.m in Sources */,
				ABB8A39918FF09F900213B80 /* DBSystem_Convert.m in Sources */,
				AB2E746418FFCD8F0061C63E /* System_Globalization_CultureInfo.m in Sources */,
				ABB8A38118FF092400213B80 /* DBSystem_IO_FileInfo.m in Sources */,
				AB2E745618FFCD420061C63E /* System_IO_TextReader.m in Sources */,
				ABB8A40F18FF110000213B80 /* System_IO_FileInfo.m in Sources */,
				ABB8A3FE18FF110000213B80 /* System_Array.m in Sources */,
				AB2E742E18FFCCE50061C63E /* System_Collections_Generic_IDictionaryA2.m in Sources */,
				ABB8A37C18FF086200213B80 /* NSString+mscorlib.m in Sources */,
				ABB8A41518FF110000213B80 /* System_String.m in Sources */,
				AB92F2DF1AA4F0E700BA9B9E /* DBNullableBoolTransformer.m in Sources */,
				AB2E743218FFCCE50061C63E /* System_Collections_Generic_KeyValuePairA2.m in Sources */,
				ABB8A40718FF110000213B80 /* System_Convert.m in Sources */,
				ABB8A41118FF110000213B80 /* System_MulticastDelegate.m in Sources */,
				ABB8A40118FF110000213B80 /* System_Collections_ArrayList.m in Sources */,
				ABB8A42B18FF15B300213B80 /* DBSystem_Collections_Generic_ListA1.m in Sources */,
				ABE1354E192AAEED000689BC /* DBNullableDecimalTransformer.m in Sources */,
				ABB8A39B18FF09F900213B80 /* DBSystem_Enum.m in Sources */,
				ABB8A42918FF15B300213B80 /* DBSystem_Collections_Generic_DictionaryA2.m in Sources */,
				ABB8A40318FF110000213B80 /* System_Collections_Generic_DictionaryA2.m in Sources */,
				AB2E744218FFCD0A0061C63E /* System_Reflection_MethodInfo.m in Sources */,
				AB2E744818FFCD0A0061C63E /* System_TimeSpan.m in Sources */,
				ABB8A40D18FF110000213B80 /* System_IAsyncResult.m in Sources */,
				ABB8A41918FF113800213B80 /* System_Object+mscorlib.m in Sources */,
				AB2E745218FFCD420061C63E /* System_IO_Stream.m in Sources */,
				ABB8A40918FF110000213B80 /* System_Enum.m in Sources */,
				ABE13552192AB0C5000689BC /* DBNullableInt64Transformer.m in Sources */,
				AB2E746018FFCD8F0061C63E /* System_Exception.m in Sources */,
				AB8306B4191CFD5B009FF174 /* System_Type.m in Sources */,
				ABB8A39718FF09F900213B80 /* DBSystem_Array.m in Sources */,
				AB2E746218FFCD8F0061C63E /* System_FuncA2.m in Sources */,
				ABC627921A60794600F89877 /* System_Text_StringBuilder.m in Sources */,
				ABB8A40B18FF110000213B80 /* System_EventArgs.m in Sources */,
				AB2E745418FFCD420061C63E /* System_IO_StringWriter.m in Sources */,
				AB2E744018FFCD0A0061C63E /* System_Reflection.m in Sources */,
				ABD5F7D01A6E57660070C02B /* System_DateTime.m in Sources */,
				AB2E744618FFCD0A0061C63E /* System_Text_Encoding.m in Sources */,
				AB2E742618FFCB7C0061C63E /* System_Reflection_ConstructorInfo.m in Sources */,
			);
			runOnlyForDeploymentPostprocessing = 0;
		};
		ABB8A29718FEFB0700213B80 /* Sources */ = {
			isa = PBXSourcesBuildPhase;
			buildActionMask = 2147483647;
			files = (
				ABB8A2A918FEFB0700213B80 /* Mono_mscorlibTests.m in Sources */,
			);
			runOnlyForDeploymentPostprocessing = 0;
		};
/* End PBXSourcesBuildPhase section */

/* Begin PBXTargetDependency section */
		ABB8A2A018FEFB0700213B80 /* PBXTargetDependency */ = {
			isa = PBXTargetDependency;
			target = ABB8A28318FEFB0700213B80 /* Mono.mscorlib */;
			targetProxy = ABB8A29F18FEFB0700213B80 /* PBXContainerItemProxy */;
		};
/* End PBXTargetDependency section */

/* Begin PBXVariantGroup section */
		ABB8A29018FEFB0700213B80 /* InfoPlist.strings */ = {
			isa = PBXVariantGroup;
			children = (
				ABB8A29118FEFB0700213B80 /* en */,
			);
			name = InfoPlist.strings;
			sourceTree = "<group>";
		};
		ABB8A2A518FEFB0700213B80 /* InfoPlist.strings */ = {
			isa = PBXVariantGroup;
			children = (
				ABB8A2A618FEFB0700213B80 /* en */,
			);
			name = InfoPlist.strings;
			sourceTree = "<group>";
		};
/* End PBXVariantGroup section */

/* Begin XCBuildConfiguration section */
		ABB8A2AA18FEFB0700213B80 /* Debug */ = {
			isa = XCBuildConfiguration;
			buildSettings = {
				ALWAYS_SEARCH_USER_PATHS = NO;
				CLANG_CXX_LANGUAGE_STANDARD = "gnu++0x";
				CLANG_CXX_LIBRARY = "libc++";
				CLANG_ENABLE_MODULES = YES;
				CLANG_ENABLE_OBJC_ARC = YES;
				CLANG_WARN_BOOL_CONVERSION = YES;
				CLANG_WARN_CONSTANT_CONVERSION = YES;
				CLANG_WARN_DIRECT_OBJC_ISA_USAGE = YES_ERROR;
				CLANG_WARN_EMPTY_BODY = YES;
				CLANG_WARN_ENUM_CONVERSION = YES;
				CLANG_WARN_INT_CONVERSION = YES;
				CLANG_WARN_OBJC_ROOT_CLASS = YES_ERROR;
				CLANG_WARN__DUPLICATE_METHOD_MATCH = YES;
				COPY_PHASE_STRIP = NO;
				GCC_C_LANGUAGE_STANDARD = gnu99;
				GCC_DYNAMIC_NO_PIC = NO;
				GCC_ENABLE_OBJC_EXCEPTIONS = YES;
				GCC_OPTIMIZATION_LEVEL = 0;
				GCC_PREPROCESSOR_DEFINITIONS = (
					"DEBUG=1",
					"$(inherited)",
				);
				GCC_SYMBOLS_PRIVATE_EXTERN = NO;
				GCC_WARN_64_TO_32_BIT_CONVERSION = YES;
				GCC_WARN_ABOUT_RETURN_TYPE = YES_ERROR;
				GCC_WARN_UNDECLARED_SELECTOR = YES;
				GCC_WARN_UNINITIALIZED_AUTOS = YES_AGGRESSIVE;
				GCC_WARN_UNUSED_FUNCTION = YES;
				GCC_WARN_UNUSED_VARIABLE = YES;
				HEADER_SEARCH_PATHS = (
					"$(inherited)",
					/Applications/Xcode.app/Contents/Developer/Toolchains/XcodeDefault.xctoolchain/usr/include,
					"/Library/Frameworks/Mono64.framework/headers/mono-2.0",
				);
				MACOSX_DEPLOYMENT_TARGET = 10.9;
				ONLY_ACTIVE_ARCH = YES;
				SDKROOT = macosx;
			};
			name = Debug;
		};
		ABB8A2AB18FEFB0700213B80 /* Release */ = {
			isa = XCBuildConfiguration;
			buildSettings = {
				ALWAYS_SEARCH_USER_PATHS = NO;
				CLANG_CXX_LANGUAGE_STANDARD = "gnu++0x";
				CLANG_CXX_LIBRARY = "libc++";
				CLANG_ENABLE_MODULES = YES;
				CLANG_ENABLE_OBJC_ARC = YES;
				CLANG_WARN_BOOL_CONVERSION = YES;
				CLANG_WARN_CONSTANT_CONVERSION = YES;
				CLANG_WARN_DIRECT_OBJC_ISA_USAGE = YES_ERROR;
				CLANG_WARN_EMPTY_BODY = YES;
				CLANG_WARN_ENUM_CONVERSION = YES;
				CLANG_WARN_INT_CONVERSION = YES;
				CLANG_WARN_OBJC_ROOT_CLASS = YES_ERROR;
				CLANG_WARN__DUPLICATE_METHOD_MATCH = YES;
				COPY_PHASE_STRIP = YES;
				DEBUG_INFORMATION_FORMAT = "dwarf-with-dsym";
				ENABLE_NS_ASSERTIONS = NO;
				GCC_C_LANGUAGE_STANDARD = gnu99;
				GCC_ENABLE_OBJC_EXCEPTIONS = YES;
				GCC_WARN_64_TO_32_BIT_CONVERSION = YES;
				GCC_WARN_ABOUT_RETURN_TYPE = YES_ERROR;
				GCC_WARN_UNDECLARED_SELECTOR = YES;
				GCC_WARN_UNINITIALIZED_AUTOS = YES_AGGRESSIVE;
				GCC_WARN_UNUSED_FUNCTION = YES;
				GCC_WARN_UNUSED_VARIABLE = YES;
				HEADER_SEARCH_PATHS = (
					"$(inherited)",
					/Applications/Xcode.app/Contents/Developer/Toolchains/XcodeDefault.xctoolchain/usr/include,
					"/Library/Frameworks/Mono64.framework/headers/mono-2.0",
				);
				MACOSX_DEPLOYMENT_TARGET = 10.9;
				SDKROOT = macosx;
			};
			name = Release;
		};
		ABB8A2AD18FEFB0700213B80 /* Debug */ = {
			isa = XCBuildConfiguration;
			buildSettings = {
				COMBINE_HIDPI_IMAGES = YES;
				DYLIB_COMPATIBILITY_VERSION = 1;
				DYLIB_CURRENT_VERSION = 1;
				FRAMEWORK_SEARCH_PATHS = (
					"$(inherited)",
					"$(LOCAL_LIBRARY_DIR)/Frameworks",
				);
				FRAMEWORK_VERSION = A;
				GCC_PRECOMPILE_PREFIX_HEADER = YES;
				GCC_PREFIX_HEADER = "Mono.mscorlib/Mono.mscorlib-Prefix.pch";
				INFOPLIST_FILE = "Mono.mscorlib/Mono.mscorlib-Info.plist";
				INSTALL_PATH = "@rpath";
				PRODUCT_NAME = Mono.mscorlib;
				WRAPPER_EXTENSION = framework;
			};
			name = Debug;
		};
		ABB8A2AE18FEFB0700213B80 /* Release */ = {
			isa = XCBuildConfiguration;
			buildSettings = {
				COMBINE_HIDPI_IMAGES = YES;
				DYLIB_COMPATIBILITY_VERSION = 1;
				DYLIB_CURRENT_VERSION = 1;
				FRAMEWORK_SEARCH_PATHS = (
					"$(inherited)",
					"$(LOCAL_LIBRARY_DIR)/Frameworks",
				);
				FRAMEWORK_VERSION = A;
				GCC_PRECOMPILE_PREFIX_HEADER = YES;
				GCC_PREFIX_HEADER = "Mono.mscorlib/Mono.mscorlib-Prefix.pch";
				INFOPLIST_FILE = "Mono.mscorlib/Mono.mscorlib-Info.plist";
				INSTALL_PATH = "@rpath";
				PRODUCT_NAME = Mono.mscorlib;
				WRAPPER_EXTENSION = framework;
			};
			name = Release;
		};
		ABB8A2B018FEFB0700213B80 /* Debug */ = {
			isa = XCBuildConfiguration;
			buildSettings = {
				BUNDLE_LOADER = "$(BUILT_PRODUCTS_DIR)/Mono.mscorlib.framework/Versions/A/Mono.mscorlib";
				COMBINE_HIDPI_IMAGES = YES;
				FRAMEWORK_SEARCH_PATHS = (
					"$(DEVELOPER_FRAMEWORKS_DIR)",
					"$(inherited)",
				);
				GCC_PRECOMPILE_PREFIX_HEADER = YES;
				GCC_PREFIX_HEADER = "Mono.mscorlib/Mono.mscorlib-Prefix.pch";
				GCC_PREPROCESSOR_DEFINITIONS = (
					"DEBUG=1",
					"$(inherited)",
				);
				INFOPLIST_FILE = "Mono.mscorlibTests/Mono.mscorlibTests-Info.plist";
				PRODUCT_NAME = Mono.mscorlibTests;
				TEST_HOST = "$(BUNDLE_LOADER)";
				WRAPPER_EXTENSION = xctest;
			};
			name = Debug;
		};
		ABB8A2B118FEFB0700213B80 /* Release */ = {
			isa = XCBuildConfiguration;
			buildSettings = {
				BUNDLE_LOADER = "$(BUILT_PRODUCTS_DIR)/Mono.mscorlib.framework/Versions/A/Mono.mscorlib";
				COMBINE_HIDPI_IMAGES = YES;
				FRAMEWORK_SEARCH_PATHS = (
					"$(DEVELOPER_FRAMEWORKS_DIR)",
					"$(inherited)",
				);
				GCC_PRECOMPILE_PREFIX_HEADER = YES;
				GCC_PREFIX_HEADER = "Mono.mscorlib/Mono.mscorlib-Prefix.pch";
				INFOPLIST_FILE = "Mono.mscorlibTests/Mono.mscorlibTests-Info.plist";
				PRODUCT_NAME = Mono.mscorlibTests;
				TEST_HOST = "$(BUNDLE_LOADER)";
				WRAPPER_EXTENSION = xctest;
			};
			name = Release;
		};
/* End XCBuildConfiguration section */

/* Begin XCConfigurationList section */
		ABB8A27E18FEFB0700213B80 /* Build configuration list for PBXProject "Mono.mscorlib" */ = {
			isa = XCConfigurationList;
			buildConfigurations = (
				ABB8A2AA18FEFB0700213B80 /* Debug */,
				ABB8A2AB18FEFB0700213B80 /* Release */,
			);
			defaultConfigurationIsVisible = 0;
			defaultConfigurationName = Release;
		};
		ABB8A2AC18FEFB0700213B80 /* Build configuration list for PBXNativeTarget "Mono.mscorlib" */ = {
			isa = XCConfigurationList;
			buildConfigurations = (
				ABB8A2AD18FEFB0700213B80 /* Debug */,
				ABB8A2AE18FEFB0700213B80 /* Release */,
			);
			defaultConfigurationIsVisible = 0;
			defaultConfigurationName = Release;
		};
		ABB8A2AF18FEFB0700213B80 /* Build configuration list for PBXNativeTarget "Mono.mscorlibTests" */ = {
			isa = XCConfigurationList;
			buildConfigurations = (
				ABB8A2B018FEFB0700213B80 /* Debug */,
				ABB8A2B118FEFB0700213B80 /* Release */,
			);
			defaultConfigurationIsVisible = 0;
			defaultConfigurationName = Release;
		};
/* End XCConfigurationList section */
	};
	rootObject = ABB8A27B18FEFB0700213B80 /* Project object */;
}
