// !$*UTF8*$!
{
	archiveVersion = 1;
	classes = {
	};
	objectVersion = 46;
	objects = {

/* Begin PBXBuildFile section */
		AB26E0A91E4A151A004876FE /* Mono.framework in Frameworks */ = {isa = PBXBuildFile; fileRef = AB26E0A81E4A151A004876FE /* Mono.framework */; };
		AB3FD4EA1C7606AA0037899F /* Categories.h in Headers */ = {isa = PBXBuildFile; fileRef = AB3FD4E51C7606AA0037899F /* Categories.h */; settings = {ATTRIBUTES = (Public, ); }; };
		AB3FD4EB1C7606AA0037899F /* Framework.h in Headers */ = {isa = PBXBuildFile; fileRef = AB3FD4E61C7606AA0037899F /* Framework.h */; settings = {ATTRIBUTES = (Public, ); }; };
		AB3FD4EC1C7606AA0037899F /* GeneratedBindings.h in Headers */ = {isa = PBXBuildFile; fileRef = AB3FD4E71C7606AA0037899F /* GeneratedBindings.h */; settings = {ATTRIBUTES = (Public, ); }; };
		AB3FD4ED1C7606AA0037899F /* HelperClasses.h in Headers */ = {isa = PBXBuildFile; fileRef = AB3FD4E81C7606AA0037899F /* HelperClasses.h */; settings = {ATTRIBUTES = (Public, ); }; };
		AB3FD4EE1C7606AA0037899F /* ManualBindings.h in Headers */ = {isa = PBXBuildFile; fileRef = AB3FD4E91C7606AA0037899F /* ManualBindings.h */; settings = {ATTRIBUTES = (Public, ); }; };
		AB3FD5031C76331F0037899F /* Dubrovnik.framework in Frameworks */ = {isa = PBXBuildFile; fileRef = AB3FD5021C76331F0037899F /* Dubrovnik.framework */; };
		AB3FD5051C76334D0037899F /* Mono.mscorlib.framework in Frameworks */ = {isa = PBXBuildFile; fileRef = AB3FD5041C76334D0037899F /* Mono.mscorlib.framework */; };
		AB3FD5071C76335D0037899F /* Cocoa.framework in Frameworks */ = {isa = PBXBuildFile; fileRef = AB3FD5061C76335D0037899F /* Cocoa.framework */; };
		AB3FD50D1C7635150037899F /* System_Data_IDbConnection.h in Headers */ = {isa = PBXBuildFile; fileRef = AB3FD50B1C7635150037899F /* System_Data_IDbConnection.h */; settings = {ATTRIBUTES = (Public, ); }; };
		AB3FD50E1C7635150037899F /* System_Data_IDbConnection.m in Sources */ = {isa = PBXBuildFile; fileRef = AB3FD50C1C7635150037899F /* System_Data_IDbConnection.m */; };
		AB5428162051F8AB007485C8 /* System_Data_Common_DbConnection.h in Headers */ = {isa = PBXBuildFile; fileRef = AB5428142051F8AB007485C8 /* System_Data_Common_DbConnection.h */; settings = {ATTRIBUTES = (Public, ); }; };
		AB5428172051F8AB007485C8 /* System_Data_Common_DbConnection.m in Sources */ = {isa = PBXBuildFile; fileRef = AB5428152051F8AB007485C8 /* System_Data_Common_DbConnection.m */; };
		ABFDAB941C7639D7005230C0 /* System_Data_IDataReader.h in Headers */ = {isa = PBXBuildFile; fileRef = ABFDAB921C7639D7005230C0 /* System_Data_IDataReader.h */; settings = {ATTRIBUTES = (Public, ); }; };
		ABFDAB951C7639D7005230C0 /* System_Data_IDataReader.m in Sources */ = {isa = PBXBuildFile; fileRef = ABFDAB931C7639D7005230C0 /* System_Data_IDataReader.m */; };
/* End PBXBuildFile section */

/* Begin PBXFileReference section */
		AB26E0A81E4A151A004876FE /* Mono.framework */ = {isa = PBXFileReference; lastKnownFileType = wrapper.framework; name = Mono.framework; path = /Users/jonathan/Documents/Thesaurus/Development/OSX/BrightPay/Dubrovnik/Mono.System.Data/../../../../../../../../../Library/Frameworks/Mono.framework; sourceTree = "<absolute>"; };
		AB3FD4D81C7605740037899F /* Mono.System.Data.framework */ = {isa = PBXFileReference; explicitFileType = wrapper.framework; includeInIndex = 0; path = Mono.System.Data.framework; sourceTree = BUILT_PRODUCTS_DIR; };
		AB3FD4DD1C7605740037899F /* Info.plist */ = {isa = PBXFileReference; lastKnownFileType = text.plist.xml; path = Info.plist; sourceTree = "<group>"; };
		AB3FD4E51C7606AA0037899F /* Categories.h */ = {isa = PBXFileReference; fileEncoding = 4; lastKnownFileType = sourcecode.c.h; path = Categories.h; sourceTree = "<group>"; };
		AB3FD4E61C7606AA0037899F /* Framework.h */ = {isa = PBXFileReference; fileEncoding = 4; lastKnownFileType = sourcecode.c.h; path = Framework.h; sourceTree = "<group>"; };
		AB3FD4E71C7606AA0037899F /* GeneratedBindings.h */ = {isa = PBXFileReference; fileEncoding = 4; lastKnownFileType = sourcecode.c.h; path = GeneratedBindings.h; sourceTree = "<group>"; };
		AB3FD4E81C7606AA0037899F /* HelperClasses.h */ = {isa = PBXFileReference; fileEncoding = 4; lastKnownFileType = sourcecode.c.h; path = HelperClasses.h; sourceTree = "<group>"; };
		AB3FD4E91C7606AA0037899F /* ManualBindings.h */ = {isa = PBXFileReference; fileEncoding = 4; lastKnownFileType = sourcecode.c.h; path = ManualBindings.h; sourceTree = "<group>"; };
		AB3FD5021C76331F0037899F /* Dubrovnik.framework */ = {isa = PBXFileReference; lastKnownFileType = wrapper.framework; path = Dubrovnik.framework; sourceTree = BUILT_PRODUCTS_DIR; };
		AB3FD5041C76334D0037899F /* Mono.mscorlib.framework */ = {isa = PBXFileReference; lastKnownFileType = wrapper.framework; path = Mono.mscorlib.framework; sourceTree = BUILT_PRODUCTS_DIR; };
		AB3FD5061C76335D0037899F /* Cocoa.framework */ = {isa = PBXFileReference; lastKnownFileType = wrapper.framework; name = Cocoa.framework; path = System/Library/Frameworks/Cocoa.framework; sourceTree = SDKROOT; };
		AB3FD50B1C7635150037899F /* System_Data_IDbConnection.h */ = {isa = PBXFileReference; fileEncoding = 4; lastKnownFileType = sourcecode.c.h; path = System_Data_IDbConnection.h; sourceTree = "<group>"; };
		AB3FD50C1C7635150037899F /* System_Data_IDbConnection.m */ = {isa = PBXFileReference; fileEncoding = 4; lastKnownFileType = sourcecode.c.objc; path = System_Data_IDbConnection.m; sourceTree = "<group>"; };
		AB3FD50F1C7635570037899F /* Mono.System.Data-Prefix.pch */ = {isa = PBXFileReference; lastKnownFileType = sourcecode.c.h; path = "Mono.System.Data-Prefix.pch"; sourceTree = SOURCE_ROOT; };
		AB5428142051F8AB007485C8 /* System_Data_Common_DbConnection.h */ = {isa = PBXFileReference; lastKnownFileType = sourcecode.c.h; path = System_Data_Common_DbConnection.h; sourceTree = "<group>"; };
		AB5428152051F8AB007485C8 /* System_Data_Common_DbConnection.m */ = {isa = PBXFileReference; lastKnownFileType = sourcecode.c.objc; path = System_Data_Common_DbConnection.m; sourceTree = "<group>"; };
		ABFDAB921C7639D7005230C0 /* System_Data_IDataReader.h */ = {isa = PBXFileReference; fileEncoding = 4; lastKnownFileType = sourcecode.c.h; path = System_Data_IDataReader.h; sourceTree = "<group>"; };
		ABFDAB931C7639D7005230C0 /* System_Data_IDataReader.m */ = {isa = PBXFileReference; fileEncoding = 4; lastKnownFileType = sourcecode.c.objc; path = System_Data_IDataReader.m; sourceTree = "<group>"; };
/* End PBXFileReference section */

/* Begin PBXFrameworksBuildPhase section */
		AB3FD4D41C7605740037899F /* Frameworks */ = {
			isa = PBXFrameworksBuildPhase;
			buildActionMask = 2147483647;
			files = (
				AB26E0A91E4A151A004876FE /* Mono.framework in Frameworks */,
				AB3FD5071C76335D0037899F /* Cocoa.framework in Frameworks */,
				AB3FD5031C76331F0037899F /* Dubrovnik.framework in Frameworks */,
				AB3FD5051C76334D0037899F /* Mono.mscorlib.framework in Frameworks */,
			);
			runOnlyForDeploymentPostprocessing = 0;
		};
/* End PBXFrameworksBuildPhase section */

/* Begin PBXGroup section */
		AB3FD4CE1C7605740037899F = {
			isa = PBXGroup;
			children = (
				AB3FD50A1C7634C80037899F /* Frameworks */,
				AB3FD4DA1C7605740037899F /* Mono.System.Data */,
				AB3FD4D91C7605740037899F /* Products */,
			);
			sourceTree = "<group>";
		};
		AB3FD4D91C7605740037899F /* Products */ = {
			isa = PBXGroup;
			children = (
				AB3FD4D81C7605740037899F /* Mono.System.Data.framework */,
			);
			name = Products;
			sourceTree = "<group>";
		};
		AB3FD4DA1C7605740037899F /* Mono.System.Data */ = {
			isa = PBXGroup;
			children = (
				AB3FD5101C76359A0037899F /* Supporting Files */,
				AB3FD4EF1C7606AF0037899F /* Manual Bindings */,
				AB3FD4E41C7606AA0037899F /* Include */,
				AB3FD4E31C7606A30037899F /* Helper classes */,
			);
			path = Mono.System.Data;
			sourceTree = "<group>";
		};
		AB3FD4E31C7606A30037899F /* Helper classes */ = {
			isa = PBXGroup;
			children = (
			);
			path = "Helper classes";
			sourceTree = "<group>";
		};
		AB3FD4E41C7606AA0037899F /* Include */ = {
			isa = PBXGroup;
			children = (
				AB3FD4E51C7606AA0037899F /* Categories.h */,
				AB3FD4E61C7606AA0037899F /* Framework.h */,
				AB3FD4E71C7606AA0037899F /* GeneratedBindings.h */,
				AB3FD4E81C7606AA0037899F /* HelperClasses.h */,
				AB3FD4E91C7606AA0037899F /* ManualBindings.h */,
			);
			path = Include;
			sourceTree = "<group>";
		};
		AB3FD4EF1C7606AF0037899F /* Manual Bindings */ = {
			isa = PBXGroup;
			children = (
				AB3FD50B1C7635150037899F /* System_Data_IDbConnection.h */,
				AB3FD50C1C7635150037899F /* System_Data_IDbConnection.m */,
				ABFDAB921C7639D7005230C0 /* System_Data_IDataReader.h */,
				ABFDAB931C7639D7005230C0 /* System_Data_IDataReader.m */,
				AB5428142051F8AB007485C8 /* System_Data_Common_DbConnection.h */,
				AB5428152051F8AB007485C8 /* System_Data_Common_DbConnection.m */,
			);
			path = "Manual Bindings";
			sourceTree = "<group>";
		};
		AB3FD50A1C7634C80037899F /* Frameworks */ = {
			isa = PBXGroup;
			children = (
				AB26E0A81E4A151A004876FE /* Mono.framework */,
				AB3FD5061C76335D0037899F /* Cocoa.framework */,
				AB3FD5041C76334D0037899F /* Mono.mscorlib.framework */,
				AB3FD5021C76331F0037899F /* Dubrovnik.framework */,
			);
			name = Frameworks;
			sourceTree = "<group>";
		};
		AB3FD5101C76359A0037899F /* Supporting Files */ = {
			isa = PBXGroup;
			children = (
				AB3FD4DD1C7605740037899F /* Info.plist */,
				AB3FD50F1C7635570037899F /* Mono.System.Data-Prefix.pch */,
			);
			name = "Supporting Files";
			sourceTree = "<group>";
		};
/* End PBXGroup section */

/* Begin PBXHeadersBuildPhase section */
		AB3FD4D51C7605740037899F /* Headers */ = {
			isa = PBXHeadersBuildPhase;
			buildActionMask = 2147483647;
			files = (
				ABFDAB941C7639D7005230C0 /* System_Data_IDataReader.h in Headers */,
				AB3FD50D1C7635150037899F /* System_Data_IDbConnection.h in Headers */,
				AB3FD4EE1C7606AA0037899F /* ManualBindings.h in Headers */,
				AB3FD4EA1C7606AA0037899F /* Categories.h in Headers */,
				AB3FD4EB1C7606AA0037899F /* Framework.h in Headers */,
				AB3FD4EC1C7606AA0037899F /* GeneratedBindings.h in Headers */,
				AB5428162051F8AB007485C8 /* System_Data_Common_DbConnection.h in Headers */,
				AB3FD4ED1C7606AA0037899F /* HelperClasses.h in Headers */,
			);
			runOnlyForDeploymentPostprocessing = 0;
		};
/* End PBXHeadersBuildPhase section */

/* Begin PBXNativeTarget section */
		AB3FD4D71C7605740037899F /* Mono.System.Data */ = {
			isa = PBXNativeTarget;
			buildConfigurationList = AB3FD4E01C7605740037899F /* Build configuration list for PBXNativeTarget "Mono.System.Data" */;
			buildPhases = (
				AB3FD4D31C7605740037899F /* Sources */,
				AB3FD4D41C7605740037899F /* Frameworks */,
				AB3FD4D51C7605740037899F /* Headers */,
				AB3FD4D61C7605740037899F /* Resources */,
			);
			buildRules = (
			);
			dependencies = (
			);
			name = Mono.System.Data;
			productName = Mono.System.Data;
			productReference = AB3FD4D81C7605740037899F /* Mono.System.Data.framework */;
			productType = "com.apple.product-type.framework";
		};
/* End PBXNativeTarget section */

/* Begin PBXProject section */
		AB3FD4CF1C7605740037899F /* Project object */ = {
			isa = PBXProject;
			attributes = {
				LastUpgradeCheck = 0910;
				ORGANIZATIONNAME = "Thesaurus Software Limited";
				TargetAttributes = {
					AB3FD4D71C7605740037899F = {
						CreatedOnToolsVersion = 7.2.1;
					};
				};
			};
			buildConfigurationList = AB3FD4D21C7605740037899F /* Build configuration list for PBXProject "Mono.System.Data" */;
			compatibilityVersion = "Xcode 3.2";
			developmentRegion = English;
			hasScannedForEncodings = 0;
			knownRegions = (
				en,
			);
			mainGroup = AB3FD4CE1C7605740037899F;
			productRefGroup = AB3FD4D91C7605740037899F /* Products */;
			projectDirPath = "";
			projectRoot = "";
			targets = (
				AB3FD4D71C7605740037899F /* Mono.System.Data */,
			);
		};
/* End PBXProject section */

/* Begin PBXResourcesBuildPhase section */
		AB3FD4D61C7605740037899F /* Resources */ = {
			isa = PBXResourcesBuildPhase;
			buildActionMask = 2147483647;
			files = (
			);
			runOnlyForDeploymentPostprocessing = 0;
		};
/* End PBXResourcesBuildPhase section */

/* Begin PBXSourcesBuildPhase section */
		AB3FD4D31C7605740037899F /* Sources */ = {
			isa = PBXSourcesBuildPhase;
			buildActionMask = 2147483647;
			files = (
				AB5428172051F8AB007485C8 /* System_Data_Common_DbConnection.m in Sources */,
				AB3FD50E1C7635150037899F /* System_Data_IDbConnection.m in Sources */,
				ABFDAB951C7639D7005230C0 /* System_Data_IDataReader.m in Sources */,
			);
			runOnlyForDeploymentPostprocessing = 0;
		};
/* End PBXSourcesBuildPhase section */

/* Begin XCBuildConfiguration section */
		AB3FD4DE1C7605740037899F /* Debug */ = {
			isa = XCBuildConfiguration;
			buildSettings = {
				ALWAYS_SEARCH_USER_PATHS = NO;
				CLANG_CXX_LANGUAGE_STANDARD = "gnu++0x";
				CLANG_CXX_LIBRARY = "libc++";
				CLANG_ENABLE_MODULES = YES;
				CLANG_ENABLE_OBJC_ARC = YES;
				CLANG_WARN_BLOCK_CAPTURE_AUTORELEASING = YES;
				CLANG_WARN_BOOL_CONVERSION = YES;
				CLANG_WARN_COMMA = YES;
				CLANG_WARN_CONSTANT_CONVERSION = YES;
				CLANG_WARN_DIRECT_OBJC_ISA_USAGE = YES_ERROR;
				CLANG_WARN_EMPTY_BODY = YES;
				CLANG_WARN_ENUM_CONVERSION = YES;
				CLANG_WARN_INFINITE_RECURSION = YES;
				CLANG_WARN_INT_CONVERSION = YES;
				CLANG_WARN_NON_LITERAL_NULL_CONVERSION = YES;
				CLANG_WARN_OBJC_LITERAL_CONVERSION = YES;
				CLANG_WARN_OBJC_ROOT_CLASS = YES_ERROR;
				CLANG_WARN_RANGE_LOOP_ANALYSIS = YES;
				CLANG_WARN_STRICT_PROTOTYPES = YES;
				CLANG_WARN_SUSPICIOUS_MOVE = YES;
				CLANG_WARN_UNREACHABLE_CODE = YES;
				CLANG_WARN__DUPLICATE_METHOD_MATCH = YES;
				CODE_SIGN_IDENTITY = "-";
				COPY_PHASE_STRIP = NO;
				CURRENT_PROJECT_VERSION = 1;
				DEBUG_INFORMATION_FORMAT = dwarf;
				ENABLE_STRICT_OBJC_MSGSEND = YES;
				ENABLE_TESTABILITY = YES;
				GCC_C_LANGUAGE_STANDARD = gnu99;
				GCC_DYNAMIC_NO_PIC = NO;
				GCC_NO_COMMON_BLOCKS = YES;
				GCC_OPTIMIZATION_LEVEL = 0;
				GCC_PREPROCESSOR_DEFINITIONS = (
					"DEBUG=1",
					"$(inherited)",
				);
				GCC_WARN_64_TO_32_BIT_CONVERSION = YES;
				GCC_WARN_ABOUT_RETURN_TYPE = YES_ERROR;
				GCC_WARN_UNDECLARED_SELECTOR = YES;
				GCC_WARN_UNINITIALIZED_AUTOS = YES_AGGRESSIVE;
				GCC_WARN_UNUSED_FUNCTION = YES;
				GCC_WARN_UNUSED_VARIABLE = YES;
				HEADER_SEARCH_PATHS = (
					/Applications/Xcode.app/Contents/Developer/Toolchains/XcodeDefault.xctoolchain/usr/include,
					"/Library/Frameworks/Mono.framework/headers/mono-2.0",
				);
				MACOSX_DEPLOYMENT_TARGET = 10.11;
				MTL_ENABLE_DEBUG_INFO = YES;
				ONLY_ACTIVE_ARCH = YES;
				SDKROOT = macosx;
				VERSIONING_SYSTEM = "apple-generic";
				VERSION_INFO_PREFIX = "";
			};
			name = Debug;
		};
		AB3FD4DF1C7605740037899F /* Release */ = {
			isa = XCBuildConfiguration;
			buildSettings = {
				ALWAYS_SEARCH_USER_PATHS = NO;
				CLANG_CXX_LANGUAGE_STANDARD = "gnu++0x";
				CLANG_CXX_LIBRARY = "libc++";
				CLANG_ENABLE_MODULES = YES;
				CLANG_ENABLE_OBJC_ARC = YES;
				CLANG_WARN_BLOCK_CAPTURE_AUTORELEASING = YES;
				CLANG_WARN_BOOL_CONVERSION = YES;
				CLANG_WARN_COMMA = YES;
				CLANG_WARN_CONSTANT_CONVERSION = YES;
				CLANG_WARN_DIRECT_OBJC_ISA_USAGE = YES_ERROR;
				CLANG_WARN_EMPTY_BODY = YES;
				CLANG_WARN_ENUM_CONVERSION = YES;
				CLANG_WARN_INFINITE_RECURSION = YES;
				CLANG_WARN_INT_CONVERSION = YES;
				CLANG_WARN_NON_LITERAL_NULL_CONVERSION = YES;
				CLANG_WARN_OBJC_LITERAL_CONVERSION = YES;
				CLANG_WARN_OBJC_ROOT_CLASS = YES_ERROR;
				CLANG_WARN_RANGE_LOOP_ANALYSIS = YES;
				CLANG_WARN_STRICT_PROTOTYPES = YES;
				CLANG_WARN_SUSPICIOUS_MOVE = YES;
				CLANG_WARN_UNREACHABLE_CODE = YES;
				CLANG_WARN__DUPLICATE_METHOD_MATCH = YES;
				CODE_SIGN_IDENTITY = "-";
				COPY_PHASE_STRIP = NO;
				CURRENT_PROJECT_VERSION = 1;
				DEBUG_INFORMATION_FORMAT = "dwarf-with-dsym";
				ENABLE_NS_ASSERTIONS = NO;
				ENABLE_STRICT_OBJC_MSGSEND = YES;
				GCC_C_LANGUAGE_STANDARD = gnu99;
				GCC_NO_COMMON_BLOCKS = YES;
				GCC_WARN_64_TO_32_BIT_CONVERSION = YES;
				GCC_WARN_ABOUT_RETURN_TYPE = YES_ERROR;
				GCC_WARN_UNDECLARED_SELECTOR = YES;
				GCC_WARN_UNINITIALIZED_AUTOS = YES_AGGRESSIVE;
				GCC_WARN_UNUSED_FUNCTION = YES;
				GCC_WARN_UNUSED_VARIABLE = YES;
				HEADER_SEARCH_PATHS = (
					/Applications/Xcode.app/Contents/Developer/Toolchains/XcodeDefault.xctoolchain/usr/include,
					"/Library/Frameworks/Mono.framework/headers/mono-2.0",
				);
				MACOSX_DEPLOYMENT_TARGET = 10.11;
				MTL_ENABLE_DEBUG_INFO = NO;
				SDKROOT = macosx;
				VERSIONING_SYSTEM = "apple-generic";
				VERSION_INFO_PREFIX = "";
			};
			name = Release;
		};
		AB3FD4E11C7605740037899F /* Debug */ = {
			isa = XCBuildConfiguration;
			buildSettings = {
				COMBINE_HIDPI_IMAGES = YES;
				DEFINES_MODULE = NO;
				DYLIB_COMPATIBILITY_VERSION = 1;
				DYLIB_CURRENT_VERSION = 1;
				DYLIB_INSTALL_NAME_BASE = "@rpath";
				FRAMEWORK_SEARCH_PATHS = (
					"$(inherited)",
					"$(LOCAL_LIBRARY_DIR)/Frameworks",
				);
				FRAMEWORK_VERSION = A;
				GCC_PREFIX_HEADER = "Mono.System.Data/Mono.System.Data-Prefix.pch";
				INFOPLIST_FILE = Mono.System.Data/Info.plist;
				INSTALL_PATH = "$(LOCAL_LIBRARY_DIR)/Frameworks";
				LD_RUNPATH_SEARCH_PATHS = "$(inherited) @executable_path/../Frameworks @loader_path/Frameworks";
				MACOSX_DEPLOYMENT_TARGET = 10.9;
				PRODUCT_BUNDLE_IDENTIFIER = "ThesaurusSoftware.Mono-System-Data";
				PRODUCT_NAME = "$(TARGET_NAME)";
				SKIP_INSTALL = YES;
			};
			name = Debug;
		};
		AB3FD4E21C7605740037899F /* Release */ = {
			isa = XCBuildConfiguration;
			buildSettings = {
				COMBINE_HIDPI_IMAGES = YES;
				DEFINES_MODULE = NO;
				DYLIB_COMPATIBILITY_VERSION = 1;
				DYLIB_CURRENT_VERSION = 1;
				DYLIB_INSTALL_NAME_BASE = "@rpath";
				FRAMEWORK_SEARCH_PATHS = (
					"$(inherited)",
					"$(LOCAL_LIBRARY_DIR)/Frameworks",
				);
				FRAMEWORK_VERSION = A;
				GCC_PREFIX_HEADER = "Mono.System.Data/Mono.System.Data-Prefix.pch";
				INFOPLIST_FILE = Mono.System.Data/Info.plist;
				INSTALL_PATH = "$(LOCAL_LIBRARY_DIR)/Frameworks";
				LD_RUNPATH_SEARCH_PATHS = "$(inherited) @executable_path/../Frameworks @loader_path/Frameworks";
				MACOSX_DEPLOYMENT_TARGET = 10.9;
				PRODUCT_BUNDLE_IDENTIFIER = "ThesaurusSoftware.Mono-System-Data";
				PRODUCT_NAME = "$(TARGET_NAME)";
				SKIP_INSTALL = YES;
			};
			name = Release;
		};
/* End XCBuildConfiguration section */

/* Begin XCConfigurationList section */
		AB3FD4D21C7605740037899F /* Build configuration list for PBXProject "Mono.System.Data" */ = {
			isa = XCConfigurationList;
			buildConfigurations = (
				AB3FD4DE1C7605740037899F /* Debug */,
				AB3FD4DF1C7605740037899F /* Release */,
			);
			defaultConfigurationIsVisible = 0;
			defaultConfigurationName = Release;
		};
		AB3FD4E01C7605740037899F /* Build configuration list for PBXNativeTarget "Mono.System.Data" */ = {
			isa = XCConfigurationList;
			buildConfigurations = (
				AB3FD4E11C7605740037899F /* Debug */,
				AB3FD4E21C7605740037899F /* Release */,
			);
			defaultConfigurationIsVisible = 0;
			defaultConfigurationName = Release;
		};
/* End XCConfigurationList section */
	};
	rootObject = AB3FD4CF1C7605740037899F /* Project object */;
}
